// !$*UTF8*$!
{
	archiveVersion = 1;
	classes = {
	};
	objectVersion = 55;
	objects = {

/* Begin PBXBuildFile section */
		6F710CF2281296600058AE66 /* Assets.xcassets in Resources */ = {isa = PBXBuildFile; fileRef = 6F710CF1281296600058AE66 /* Assets.xcassets */; };
		6F710CF5281296600058AE66 /* Preview Assets.xcassets in Resources */ = {isa = PBXBuildFile; fileRef = 6F710CF4281296600058AE66 /* Preview Assets.xcassets */; };
		6F80D206288A432B00C1955E /* battle-ship.wav in Resources */ = {isa = PBXBuildFile; fileRef = 6F80D1EE288A432B00C1955E /* battle-ship.wav */; };
		6F80D207288A432B00C1955E /* alert.wav in Resources */ = {isa = PBXBuildFile; fileRef = 6F80D1EF288A432B00C1955E /* alert.wav */; };
		6F80D208288A432B00C1955E /* morning.wav in Resources */ = {isa = PBXBuildFile; fileRef = 6F80D1F0288A432B00C1955E /* morning.wav */; };
		6F80D209288A432B00C1955E /* classic-short-alarm.wav in Resources */ = {isa = PBXBuildFile; fileRef = 6F80D1F1288A432B00C1955E /* classic-short-alarm.wav */; };
		6F80D20A288A432B00C1955E /* critical-alarm.wav in Resources */ = {isa = PBXBuildFile; fileRef = 6F80D1F2288A432B00C1955E /* critical-alarm.wav */; };
		6F80D20B288A432B00C1955E /* digital-buzzer.wav in Resources */ = {isa = PBXBuildFile; fileRef = 6F80D1F3288A432B00C1955E /* digital-buzzer.wav */; };
		6F80D20C288A432B00C1955E /* hall.wav in Resources */ = {isa = PBXBuildFile; fileRef = 6F80D1F4288A432B00C1955E /* hall.wav */; };
		6F80D20D288A432B00C1955E /* facility-alarm2.wav in Resources */ = {isa = PBXBuildFile; fileRef = 6F80D1F5288A432B00C1955E /* facility-alarm2.wav */; };
		6F80D20E288A432B00C1955E /* emergency.wav in Resources */ = {isa = PBXBuildFile; fileRef = 6F80D1F6288A432B00C1955E /* emergency.wav */; };
		6F80D20F288A432B00C1955E /* sci-fi.wav in Resources */ = {isa = PBXBuildFile; fileRef = 6F80D1F7288A432B00C1955E /* sci-fi.wav */; };
		6F80D210288A432B00C1955E /* warning.wav in Resources */ = {isa = PBXBuildFile; fileRef = 6F80D1F8288A432B00C1955E /* warning.wav */; };
		6F80D211288A432B00C1955E /* street.wav in Resources */ = {isa = PBXBuildFile; fileRef = 6F80D1F9288A432B00C1955E /* street.wav */; };
		6F80D212288A432B00C1955E /* spaceship.wav in Resources */ = {isa = PBXBuildFile; fileRef = 6F80D1FA288A432B00C1955E /* spaceship.wav */; };
		6F80D213288A432B00C1955E /* game.wav in Resources */ = {isa = PBXBuildFile; fileRef = 6F80D1FB288A432B00C1955E /* game.wav */; };
		6F80D214288A432B00C1955E /* space.wav in Resources */ = {isa = PBXBuildFile; fileRef = 6F80D1FC288A432B00C1955E /* space.wav */; };
		6F80D215288A432B00C1955E /* retro.wav in Resources */ = {isa = PBXBuildFile; fileRef = 6F80D1FD288A432B00C1955E /* retro.wav */; };
		6F80D216288A432B00C1955E /* security.wav in Resources */ = {isa = PBXBuildFile; fileRef = 6F80D1FE288A432B00C1955E /* security.wav */; };
		6F80D217288A432B00C1955E /* tone.wav in Resources */ = {isa = PBXBuildFile; fileRef = 6F80D1FF288A432B00C1955E /* tone.wav */; };
		6F80D218288A432B00C1955E /* facility-alarm.wav in Resources */ = {isa = PBXBuildFile; fileRef = 6F80D200288A432B00C1955E /* facility-alarm.wav */; };
		6F80D219288A432B00C1955E /* hint.wav in Resources */ = {isa = PBXBuildFile; fileRef = 6F80D201288A432B00C1955E /* hint.wav */; };
		6F80D21A288A432B00C1955E /* classic-alarm.wav in Resources */ = {isa = PBXBuildFile; fileRef = 6F80D202288A432B00C1955E /* classic-alarm.wav */; };
		6F80D21B288A432B00C1955E /* digital-alarm.wav in Resources */ = {isa = PBXBuildFile; fileRef = 6F80D203288A432B00C1955E /* digital-alarm.wav */; };
		6F80D21C288A432B00C1955E /* clock.wav in Resources */ = {isa = PBXBuildFile; fileRef = 6F80D204288A432B00C1955E /* clock.wav */; };
		6F80D21D288A432B00C1955E /* vintage.wav in Resources */ = {isa = PBXBuildFile; fileRef = 6F80D205288A432B00C1955E /* vintage.wav */; };
		6F80D250288A43A300C1955E /* Constants.swift in Sources */ = {isa = PBXBuildFile; fileRef = 6F80D225288A43A300C1955E /* Constants.swift */; };
		6F80D251288A43A300C1955E /* SoundPlayer.swift in Sources */ = {isa = PBXBuildFile; fileRef = 6F80D226288A43A300C1955E /* SoundPlayer.swift */; };
		6F80D252288A43A300C1955E /* LocalNotificationManager.swift in Sources */ = {isa = PBXBuildFile; fileRef = 6F80D227288A43A300C1955E /* LocalNotificationManager.swift */; };
		6F80D253288A43A300C1955E /* Persistence.swift in Sources */ = {isa = PBXBuildFile; fileRef = 6F80D229288A43A300C1955E /* Persistence.swift */; };
		6F80D254288A43A300C1955E /* Clock_App.xcdatamodeld in Sources */ = {isa = PBXBuildFile; fileRef = 6F80D22A288A43A300C1955E /* Clock_App.xcdatamodeld */; };
		6F80D255288A43A300C1955E /* SoundViewModel.swift in Sources */ = {isa = PBXBuildFile; fileRef = 6F80D22D288A43A300C1955E /* SoundViewModel.swift */; };
		6F80D256288A43A300C1955E /* AlarmViewModel.swift in Sources */ = {isa = PBXBuildFile; fileRef = 6F80D22E288A43A300C1955E /* AlarmViewModel.swift */; };
		6F80D257288A43A300C1955E /* SoundModel.swift in Sources */ = {isa = PBXBuildFile; fileRef = 6F80D230288A43A300C1955E /* SoundModel.swift */; };
		6F80D258288A43A300C1955E /* TimerViewModel.swift in Sources */ = {isa = PBXBuildFile; fileRef = 6F80D231288A43A300C1955E /* TimerViewModel.swift */; };
		6F80D259288A43A300C1955E /* AlarmModel.swift in Sources */ = {isa = PBXBuildFile; fileRef = 6F80D232288A43A300C1955E /* AlarmModel.swift */; };
		6F80D25A288A43A300C1955E /* TimerFooterView.swift in Sources */ = {isa = PBXBuildFile; fileRef = 6F80D236288A43A300C1955E /* TimerFooterView.swift */; };
		6F80D25B288A43A300C1955E /* ClassicSoundFooterView.swift in Sources */ = {isa = PBXBuildFile; fileRef = 6F80D237288A43A300C1955E /* ClassicSoundFooterView.swift */; };
		6F80D25C288A43A300C1955E /* SoundFooterView.swift in Sources */ = {isa = PBXBuildFile; fileRef = 6F80D238288A43A300C1955E /* SoundFooterView.swift */; };
		6F80D25D288A43A300C1955E /* TImerCenterView.swift in Sources */ = {isa = PBXBuildFile; fileRef = 6F80D23A288A43A300C1955E /* TImerCenterView.swift */; };
		6F80D25E288A43A300C1955E /* TimerView.swift in Sources */ = {isa = PBXBuildFile; fileRef = 6F80D23B288A43A300C1955E /* TimerView.swift */; };
		6F80D25F288A43A300C1955E /* TimerPickerView.swift in Sources */ = {isa = PBXBuildFile; fileRef = 6F80D23D288A43A300C1955E /* TimerPickerView.swift */; };
		6F80D260288A43A300C1955E /* TimerDisplayView.swift in Sources */ = {isa = PBXBuildFile; fileRef = 6F80D23E288A43A300C1955E /* TimerDisplayView.swift */; };
		6F80D261288A43A300C1955E /* CustomTimerPickerView.swift in Sources */ = {isa = PBXBuildFile; fileRef = 6F80D23F288A43A300C1955E /* CustomTimerPickerView.swift */; };
		6F80D262288A43A300C1955E /* TimerHeaderView.swift in Sources */ = {isa = PBXBuildFile; fileRef = 6F80D240288A43A300C1955E /* TimerHeaderView.swift */; };
		6F80D263288A43A300C1955E /* TimerRIngView.swift in Sources */ = {isa = PBXBuildFile; fileRef = 6F80D241288A43A300C1955E /* TimerRIngView.swift */; };
		6F80D264288A43A300C1955E /* BackgroundRingView.swift in Sources */ = {isa = PBXBuildFile; fileRef = 6F80D242288A43A300C1955E /* BackgroundRingView.swift */; };
		6F80D265288A43A300C1955E /* RepeatAlarmView.swift in Sources */ = {isa = PBXBuildFile; fileRef = 6F80D245288A43A300C1955E /* RepeatAlarmView.swift */; };
		6F80D266288A43A300C1955E /* LabelAlarmView.swift in Sources */ = {isa = PBXBuildFile; fileRef = 6F80D246288A43A300C1955E /* LabelAlarmView.swift */; };
		6F80D267288A43A300C1955E /* ClassicSoundAlarmView.swift in Sources */ = {isa = PBXBuildFile; fileRef = 6F80D248288A43A300C1955E /* ClassicSoundAlarmView.swift */; };
		6F80D268288A43A300C1955E /* SoundAlarmView.swift in Sources */ = {isa = PBXBuildFile; fileRef = 6F80D249288A43A300C1955E /* SoundAlarmView.swift */; };
		6F80D269288A43A300C1955E /* VibrationAlarmView.swift in Sources */ = {isa = PBXBuildFile; fileRef = 6F80D24A288A43A300C1955E /* VibrationAlarmView.swift */; };
		6F80D26A288A43A300C1955E /* SongAlarmView.swift in Sources */ = {isa = PBXBuildFile; fileRef = 6F80D24B288A43A300C1955E /* SongAlarmView.swift */; };
		6F80D26B288A43A300C1955E /* CRUDAlarmView.swift in Sources */ = {isa = PBXBuildFile; fileRef = 6F80D24C288A43A300C1955E /* CRUDAlarmView.swift */; };
		6F80D26C288A43A300C1955E /* AlarmSettingView.swift in Sources */ = {isa = PBXBuildFile; fileRef = 6F80D24D288A43A300C1955E /* AlarmSettingView.swift */; };
		6F80D26D288A43A300C1955E /* AlarmView.swift in Sources */ = {isa = PBXBuildFile; fileRef = 6F80D24E288A43A300C1955E /* AlarmView.swift */; };
		6F80D26E288A43A300C1955E /* AlarmCellView.swift in Sources */ = {isa = PBXBuildFile; fileRef = 6F80D24F288A43A300C1955E /* AlarmCellView.swift */; };
		6FAC41E7288B072600FD2A48 /* BackButtonModifier.swift in Sources */ = {isa = PBXBuildFile; fileRef = 6FAC41E6288B072600FD2A48 /* BackButtonModifier.swift */; };
		6FEEFA9F288A450F0055CD00 /* Clock_App.swift in Sources */ = {isa = PBXBuildFile; fileRef = 6FEEFA9E288A450F0055CD00 /* Clock_App.swift */; };
		6FEEFAA1288A45390055CD00 /* AppDelegate.swift in Sources */ = {isa = PBXBuildFile; fileRef = 6FEEFAA0288A45390055CD00 /* AppDelegate.swift */; };
/* End PBXBuildFile section */

/* Begin PBXFileReference section */
		6F710CEA2812965E0058AE66 /* Clock App.app */ = {isa = PBXFileReference; explicitFileType = wrapper.application; includeInIndex = 0; path = "Clock App.app"; sourceTree = BUILT_PRODUCTS_DIR; };
		6F710CF1281296600058AE66 /* Assets.xcassets */ = {isa = PBXFileReference; lastKnownFileType = folder.assetcatalog; path = Assets.xcassets; sourceTree = "<group>"; };
		6F710CF4281296600058AE66 /* Preview Assets.xcassets */ = {isa = PBXFileReference; lastKnownFileType = folder.assetcatalog; path = "Preview Assets.xcassets"; sourceTree = "<group>"; };
		6F80D1EE288A432B00C1955E /* battle-ship.wav */ = {isa = PBXFileReference; lastKnownFileType = audio.wav; path = "battle-ship.wav"; sourceTree = "<group>"; };
		6F80D1EF288A432B00C1955E /* alert.wav */ = {isa = PBXFileReference; lastKnownFileType = audio.wav; path = alert.wav; sourceTree = "<group>"; };
		6F80D1F0288A432B00C1955E /* morning.wav */ = {isa = PBXFileReference; lastKnownFileType = audio.wav; path = morning.wav; sourceTree = "<group>"; };
		6F80D1F1288A432B00C1955E /* classic-short-alarm.wav */ = {isa = PBXFileReference; lastKnownFileType = audio.wav; path = "classic-short-alarm.wav"; sourceTree = "<group>"; };
		6F80D1F2288A432B00C1955E /* critical-alarm.wav */ = {isa = PBXFileReference; lastKnownFileType = audio.wav; path = "critical-alarm.wav"; sourceTree = "<group>"; };
		6F80D1F3288A432B00C1955E /* digital-buzzer.wav */ = {isa = PBXFileReference; lastKnownFileType = audio.wav; path = "digital-buzzer.wav"; sourceTree = "<group>"; };
		6F80D1F4288A432B00C1955E /* hall.wav */ = {isa = PBXFileReference; lastKnownFileType = audio.wav; path = hall.wav; sourceTree = "<group>"; };
		6F80D1F5288A432B00C1955E /* facility-alarm2.wav */ = {isa = PBXFileReference; lastKnownFileType = audio.wav; path = "facility-alarm2.wav"; sourceTree = "<group>"; };
		6F80D1F6288A432B00C1955E /* emergency.wav */ = {isa = PBXFileReference; lastKnownFileType = audio.wav; path = emergency.wav; sourceTree = "<group>"; };
		6F80D1F7288A432B00C1955E /* sci-fi.wav */ = {isa = PBXFileReference; lastKnownFileType = audio.wav; path = "sci-fi.wav"; sourceTree = "<group>"; };
		6F80D1F8288A432B00C1955E /* warning.wav */ = {isa = PBXFileReference; lastKnownFileType = audio.wav; path = warning.wav; sourceTree = "<group>"; };
		6F80D1F9288A432B00C1955E /* street.wav */ = {isa = PBXFileReference; lastKnownFileType = audio.wav; path = street.wav; sourceTree = "<group>"; };
		6F80D1FA288A432B00C1955E /* spaceship.wav */ = {isa = PBXFileReference; lastKnownFileType = audio.wav; path = spaceship.wav; sourceTree = "<group>"; };
		6F80D1FB288A432B00C1955E /* game.wav */ = {isa = PBXFileReference; lastKnownFileType = audio.wav; path = game.wav; sourceTree = "<group>"; };
		6F80D1FC288A432B00C1955E /* space.wav */ = {isa = PBXFileReference; lastKnownFileType = audio.wav; path = space.wav; sourceTree = "<group>"; };
		6F80D1FD288A432B00C1955E /* retro.wav */ = {isa = PBXFileReference; lastKnownFileType = audio.wav; path = retro.wav; sourceTree = "<group>"; };
		6F80D1FE288A432B00C1955E /* security.wav */ = {isa = PBXFileReference; lastKnownFileType = audio.wav; path = security.wav; sourceTree = "<group>"; };
		6F80D1FF288A432B00C1955E /* tone.wav */ = {isa = PBXFileReference; lastKnownFileType = audio.wav; path = tone.wav; sourceTree = "<group>"; };
		6F80D200288A432B00C1955E /* facility-alarm.wav */ = {isa = PBXFileReference; lastKnownFileType = audio.wav; path = "facility-alarm.wav"; sourceTree = "<group>"; };
		6F80D201288A432B00C1955E /* hint.wav */ = {isa = PBXFileReference; lastKnownFileType = audio.wav; path = hint.wav; sourceTree = "<group>"; };
		6F80D202288A432B00C1955E /* classic-alarm.wav */ = {isa = PBXFileReference; lastKnownFileType = audio.wav; path = "classic-alarm.wav"; sourceTree = "<group>"; };
		6F80D203288A432B00C1955E /* digital-alarm.wav */ = {isa = PBXFileReference; lastKnownFileType = audio.wav; path = "digital-alarm.wav"; sourceTree = "<group>"; };
		6F80D204288A432B00C1955E /* clock.wav */ = {isa = PBXFileReference; lastKnownFileType = audio.wav; path = clock.wav; sourceTree = "<group>"; };
		6F80D205288A432B00C1955E /* vintage.wav */ = {isa = PBXFileReference; lastKnownFileType = audio.wav; path = vintage.wav; sourceTree = "<group>"; };
		6F80D225288A43A300C1955E /* Constants.swift */ = {isa = PBXFileReference; fileEncoding = 4; lastKnownFileType = sourcecode.swift; path = Constants.swift; sourceTree = "<group>"; };
		6F80D226288A43A300C1955E /* SoundPlayer.swift */ = {isa = PBXFileReference; fileEncoding = 4; lastKnownFileType = sourcecode.swift; path = SoundPlayer.swift; sourceTree = "<group>"; };
		6F80D227288A43A300C1955E /* LocalNotificationManager.swift */ = {isa = PBXFileReference; fileEncoding = 4; lastKnownFileType = sourcecode.swift; path = LocalNotificationManager.swift; sourceTree = "<group>"; };
		6F80D229288A43A300C1955E /* Persistence.swift */ = {isa = PBXFileReference; fileEncoding = 4; lastKnownFileType = sourcecode.swift; path = Persistence.swift; sourceTree = "<group>"; };
		6F80D22B288A43A300C1955E /* Clock_App.xcdatamodel */ = {isa = PBXFileReference; lastKnownFileType = wrapper.xcdatamodel; path = Clock_App.xcdatamodel; sourceTree = "<group>"; };
		6F80D22D288A43A300C1955E /* SoundViewModel.swift */ = {isa = PBXFileReference; fileEncoding = 4; lastKnownFileType = sourcecode.swift; path = SoundViewModel.swift; sourceTree = "<group>"; };
		6F80D22E288A43A300C1955E /* AlarmViewModel.swift */ = {isa = PBXFileReference; fileEncoding = 4; lastKnownFileType = sourcecode.swift; path = AlarmViewModel.swift; sourceTree = "<group>"; };
		6F80D230288A43A300C1955E /* SoundModel.swift */ = {isa = PBXFileReference; fileEncoding = 4; lastKnownFileType = sourcecode.swift; path = SoundModel.swift; sourceTree = "<group>"; };
		6F80D231288A43A300C1955E /* TimerViewModel.swift */ = {isa = PBXFileReference; fileEncoding = 4; lastKnownFileType = sourcecode.swift; path = TimerViewModel.swift; sourceTree = "<group>"; };
		6F80D232288A43A300C1955E /* AlarmModel.swift */ = {isa = PBXFileReference; fileEncoding = 4; lastKnownFileType = sourcecode.swift; path = AlarmModel.swift; sourceTree = "<group>"; };
		6F80D236288A43A300C1955E /* TimerFooterView.swift */ = {isa = PBXFileReference; fileEncoding = 4; lastKnownFileType = sourcecode.swift; path = TimerFooterView.swift; sourceTree = "<group>"; };
		6F80D237288A43A300C1955E /* ClassicSoundFooterView.swift */ = {isa = PBXFileReference; fileEncoding = 4; lastKnownFileType = sourcecode.swift; path = ClassicSoundFooterView.swift; sourceTree = "<group>"; };
		6F80D238288A43A300C1955E /* SoundFooterView.swift */ = {isa = PBXFileReference; fileEncoding = 4; lastKnownFileType = sourcecode.swift; path = SoundFooterView.swift; sourceTree = "<group>"; };
		6F80D23A288A43A300C1955E /* TImerCenterView.swift */ = {isa = PBXFileReference; fileEncoding = 4; lastKnownFileType = sourcecode.swift; path = TImerCenterView.swift; sourceTree = "<group>"; };
		6F80D23B288A43A300C1955E /* TimerView.swift */ = {isa = PBXFileReference; fileEncoding = 4; lastKnownFileType = sourcecode.swift; path = TimerView.swift; sourceTree = "<group>"; };
		6F80D23D288A43A300C1955E /* TimerPickerView.swift */ = {isa = PBXFileReference; fileEncoding = 4; lastKnownFileType = sourcecode.swift; path = TimerPickerView.swift; sourceTree = "<group>"; };
		6F80D23E288A43A300C1955E /* TimerDisplayView.swift */ = {isa = PBXFileReference; fileEncoding = 4; lastKnownFileType = sourcecode.swift; path = TimerDisplayView.swift; sourceTree = "<group>"; };
		6F80D23F288A43A300C1955E /* CustomTimerPickerView.swift */ = {isa = PBXFileReference; fileEncoding = 4; lastKnownFileType = sourcecode.swift; path = CustomTimerPickerView.swift; sourceTree = "<group>"; };
		6F80D240288A43A300C1955E /* TimerHeaderView.swift */ = {isa = PBXFileReference; fileEncoding = 4; lastKnownFileType = sourcecode.swift; path = TimerHeaderView.swift; sourceTree = "<group>"; };
		6F80D241288A43A300C1955E /* TimerRIngView.swift */ = {isa = PBXFileReference; fileEncoding = 4; lastKnownFileType = sourcecode.swift; path = TimerRIngView.swift; sourceTree = "<group>"; };
		6F80D242288A43A300C1955E /* BackgroundRingView.swift */ = {isa = PBXFileReference; fileEncoding = 4; lastKnownFileType = sourcecode.swift; path = BackgroundRingView.swift; sourceTree = "<group>"; };
		6F80D245288A43A300C1955E /* RepeatAlarmView.swift */ = {isa = PBXFileReference; fileEncoding = 4; lastKnownFileType = sourcecode.swift; path = RepeatAlarmView.swift; sourceTree = "<group>"; };
		6F80D246288A43A300C1955E /* LabelAlarmView.swift */ = {isa = PBXFileReference; fileEncoding = 4; lastKnownFileType = sourcecode.swift; path = LabelAlarmView.swift; sourceTree = "<group>"; };
		6F80D248288A43A300C1955E /* ClassicSoundAlarmView.swift */ = {isa = PBXFileReference; fileEncoding = 4; lastKnownFileType = sourcecode.swift; path = ClassicSoundAlarmView.swift; sourceTree = "<group>"; };
		6F80D249288A43A300C1955E /* SoundAlarmView.swift */ = {isa = PBXFileReference; fileEncoding = 4; lastKnownFileType = sourcecode.swift; path = SoundAlarmView.swift; sourceTree = "<group>"; };
		6F80D24A288A43A300C1955E /* VibrationAlarmView.swift */ = {isa = PBXFileReference; fileEncoding = 4; lastKnownFileType = sourcecode.swift; path = VibrationAlarmView.swift; sourceTree = "<group>"; };
		6F80D24B288A43A300C1955E /* SongAlarmView.swift */ = {isa = PBXFileReference; fileEncoding = 4; lastKnownFileType = sourcecode.swift; path = SongAlarmView.swift; sourceTree = "<group>"; };
		6F80D24C288A43A300C1955E /* CRUDAlarmView.swift */ = {isa = PBXFileReference; fileEncoding = 4; lastKnownFileType = sourcecode.swift; path = CRUDAlarmView.swift; sourceTree = "<group>"; };
		6F80D24D288A43A300C1955E /* AlarmSettingView.swift */ = {isa = PBXFileReference; fileEncoding = 4; lastKnownFileType = sourcecode.swift; path = AlarmSettingView.swift; sourceTree = "<group>"; };
		6F80D24E288A43A300C1955E /* AlarmView.swift */ = {isa = PBXFileReference; fileEncoding = 4; lastKnownFileType = sourcecode.swift; path = AlarmView.swift; sourceTree = "<group>"; };
		6F80D24F288A43A300C1955E /* AlarmCellView.swift */ = {isa = PBXFileReference; fileEncoding = 4; lastKnownFileType = sourcecode.swift; path = AlarmCellView.swift; sourceTree = "<group>"; };
		6FAC41E6288B072600FD2A48 /* BackButtonModifier.swift */ = {isa = PBXFileReference; lastKnownFileType = sourcecode.swift; path = BackButtonModifier.swift; sourceTree = "<group>"; };
		6FEEFA9E288A450F0055CD00 /* Clock_App.swift */ = {isa = PBXFileReference; lastKnownFileType = sourcecode.swift; path = Clock_App.swift; sourceTree = "<group>"; };
		6FEEFAA0288A45390055CD00 /* AppDelegate.swift */ = {isa = PBXFileReference; lastKnownFileType = sourcecode.swift; path = AppDelegate.swift; sourceTree = "<group>"; };
/* End PBXFileReference section */

/* Begin PBXFrameworksBuildPhase section */
		6F710CE72812965E0058AE66 /* Frameworks */ = {
			isa = PBXFrameworksBuildPhase;
			buildActionMask = 2147483647;
			files = (
			);
			runOnlyForDeploymentPostprocessing = 0;
		};
/* End PBXFrameworksBuildPhase section */

/* Begin PBXGroup section */
		6F710CE12812965E0058AE66 = {
			isa = PBXGroup;
			children = (
				6F710CEC2812965E0058AE66 /* Clock App */,
				6F710CEB2812965E0058AE66 /* Products */,
			);
			sourceTree = "<group>";
		};
		6F710CEB2812965E0058AE66 /* Products */ = {
			isa = PBXGroup;
			children = (
				6F710CEA2812965E0058AE66 /* Clock App.app */,
			);
			name = Products;
			sourceTree = "<group>";
		};
		6F710CEC2812965E0058AE66 /* Clock App */ = {
			isa = PBXGroup;
			children = (
				6FEEFA9D288A45000055CD00 /* App */,
				6F80D228288A43A300C1955E /* CoreData */,
				6F80D224288A43A300C1955E /* Helpers */,
				6F80D22F288A43A300C1955E /* Models */,
				6F80D22C288A43A300C1955E /* ViewModels */,
				6F80D233288A43A300C1955E /* Views */,
				6F80D1ED288A432B00C1955E /* Sound */,
				6F710CF3281296600058AE66 /* Preview Content */,
				6F710CF1281296600058AE66 /* Assets.xcassets */,
			);
			path = "Clock App";
			sourceTree = "<group>";
		};
		6F710CF3281296600058AE66 /* Preview Content */ = {
			isa = PBXGroup;
			children = (
				6F710CF4281296600058AE66 /* Preview Assets.xcassets */,
			);
			path = "Preview Content";
			sourceTree = "<group>";
		};
		6F80D1ED288A432B00C1955E /* Sound */ = {
			isa = PBXGroup;
			children = (
				6F80D1EE288A432B00C1955E /* battle-ship.wav */,
				6F80D1EF288A432B00C1955E /* alert.wav */,
				6F80D1F0288A432B00C1955E /* morning.wav */,
				6F80D1F1288A432B00C1955E /* classic-short-alarm.wav */,
				6F80D1F2288A432B00C1955E /* critical-alarm.wav */,
				6F80D1F3288A432B00C1955E /* digital-buzzer.wav */,
				6F80D1F4288A432B00C1955E /* hall.wav */,
				6F80D1F5288A432B00C1955E /* facility-alarm2.wav */,
				6F80D1F6288A432B00C1955E /* emergency.wav */,
				6F80D1F7288A432B00C1955E /* sci-fi.wav */,
				6F80D1F8288A432B00C1955E /* warning.wav */,
				6F80D1F9288A432B00C1955E /* street.wav */,
				6F80D1FA288A432B00C1955E /* spaceship.wav */,
				6F80D1FB288A432B00C1955E /* game.wav */,
				6F80D1FC288A432B00C1955E /* space.wav */,
				6F80D1FD288A432B00C1955E /* retro.wav */,
				6F80D1FE288A432B00C1955E /* security.wav */,
				6F80D1FF288A432B00C1955E /* tone.wav */,
				6F80D200288A432B00C1955E /* facility-alarm.wav */,
				6F80D201288A432B00C1955E /* hint.wav */,
				6F80D202288A432B00C1955E /* classic-alarm.wav */,
				6F80D203288A432B00C1955E /* digital-alarm.wav */,
				6F80D204288A432B00C1955E /* clock.wav */,
				6F80D205288A432B00C1955E /* vintage.wav */,
			);
			name = Sound;
			path = "../../../Desktop/Clock App/Sound";
			sourceTree = "<group>";
		};
		6F80D224288A43A300C1955E /* Helpers */ = {
			isa = PBXGroup;
			children = (
				6F80D225288A43A300C1955E /* Constants.swift */,
				6F80D226288A43A300C1955E /* SoundPlayer.swift */,
				6F80D227288A43A300C1955E /* LocalNotificationManager.swift */,
			);
			path = Helpers;
			sourceTree = "<group>";
		};
		6F80D228288A43A300C1955E /* CoreData */ = {
			isa = PBXGroup;
			children = (
				6F80D229288A43A300C1955E /* Persistence.swift */,
				6F80D22A288A43A300C1955E /* Clock_App.xcdatamodeld */,
			);
			name = CoreData;
			path = "../../../Desktop/Clock App/CoreData";
			sourceTree = "<group>";
		};
		6F80D22C288A43A300C1955E /* ViewModels */ = {
			isa = PBXGroup;
			children = (
				6F80D231288A43A300C1955E /* TimerViewModel.swift */,
				6F80D22D288A43A300C1955E /* SoundViewModel.swift */,
				6F80D22E288A43A300C1955E /* AlarmViewModel.swift */,
			);
			path = ViewModels;
			sourceTree = "<group>";
		};
		6F80D22F288A43A300C1955E /* Models */ = {
			isa = PBXGroup;
			children = (
				6F80D230288A43A300C1955E /* SoundModel.swift */,
				6F80D232288A43A300C1955E /* AlarmModel.swift */,
			);
			path = Models;
			sourceTree = "<group>";
		};
		6F80D233288A43A300C1955E /* Views */ = {
			isa = PBXGroup;
			children = (
				6F80D234288A43A300C1955E /* TimerSection */,
				6F80D243288A43A300C1955E /* AlarmSection */,
			);
			path = Views;
			sourceTree = "<group>";
		};
		6F80D234288A43A300C1955E /* TimerSection */ = {
			isa = PBXGroup;
			children = (
				6F80D23B288A43A300C1955E /* TimerView.swift */,
				6F80D23C288A43A300C1955E /* Header */,
				6F80D239288A43A300C1955E /* Center */,
				6F80D235288A43A300C1955E /* Footer */,
			);
			path = TimerSection;
			sourceTree = "<group>";
		};
		6F80D235288A43A300C1955E /* Footer */ = {
			isa = PBXGroup;
			children = (
				6F80D236288A43A300C1955E /* TimerFooterView.swift */,
				6F80D237288A43A300C1955E /* ClassicSoundFooterView.swift */,
				6F80D238288A43A300C1955E /* SoundFooterView.swift */,
			);
			path = Footer;
			sourceTree = "<group>";
		};
		6F80D239288A43A300C1955E /* Center */ = {
			isa = PBXGroup;
			children = (
				6F80D23A288A43A300C1955E /* TImerCenterView.swift */,
			);
			path = Center;
			sourceTree = "<group>";
		};
		6F80D23C288A43A300C1955E /* Header */ = {
			isa = PBXGroup;
			children = (
				6F80D23D288A43A300C1955E /* TimerPickerView.swift */,
				6F80D23E288A43A300C1955E /* TimerDisplayView.swift */,
				6F80D23F288A43A300C1955E /* CustomTimerPickerView.swift */,
				6F80D240288A43A300C1955E /* TimerHeaderView.swift */,
				6F80D241288A43A300C1955E /* TimerRIngView.swift */,
				6F80D242288A43A300C1955E /* BackgroundRingView.swift */,
			);
			path = Header;
			sourceTree = "<group>";
		};
		6F80D243288A43A300C1955E /* AlarmSection */ = {
			isa = PBXGroup;
			children = (
				6F80D24E288A43A300C1955E /* AlarmView.swift */,
				6F80D24D288A43A300C1955E /* AlarmSettingView.swift */,
				6F80D24F288A43A300C1955E /* AlarmCellView.swift */,
				6F80D244288A43A300C1955E /* CRUDAlarm */,
			);
			path = AlarmSection;
			sourceTree = "<group>";
		};
		6F80D244288A43A300C1955E /* CRUDAlarm */ = {
			isa = PBXGroup;
			children = (
				6FAC41E6288B072600FD2A48 /* BackButtonModifier.swift */,
				6F80D24C288A43A300C1955E /* CRUDAlarmView.swift */,
				6F80D245288A43A300C1955E /* RepeatAlarmView.swift */,
				6F80D246288A43A300C1955E /* LabelAlarmView.swift */,
				6F80D247288A43A300C1955E /* SoundAlarmView */,
			);
			path = CRUDAlarm;
			sourceTree = "<group>";
		};
		6F80D247288A43A300C1955E /* SoundAlarmView */ = {
			isa = PBXGroup;
			children = (
				6F80D249288A43A300C1955E /* SoundAlarmView.swift */,
				6F80D248288A43A300C1955E /* ClassicSoundAlarmView.swift */,
				6F80D24A288A43A300C1955E /* VibrationAlarmView.swift */,
				6F80D24B288A43A300C1955E /* SongAlarmView.swift */,
			);
			path = SoundAlarmView;
			sourceTree = "<group>";
		};
		6FEEFA9D288A45000055CD00 /* App */ = {
			isa = PBXGroup;
			children = (
				6FEEFA9E288A450F0055CD00 /* Clock_App.swift */,
				6FEEFAA0288A45390055CD00 /* AppDelegate.swift */,
			);
			path = App;
			sourceTree = "<group>";
		};
/* End PBXGroup section */

/* Begin PBXNativeTarget section */
		6F710CE92812965E0058AE66 /* Clock App */ = {
			isa = PBXNativeTarget;
			buildConfigurationList = 6F710CFD281296600058AE66 /* Build configuration list for PBXNativeTarget "Clock App" */;
			buildPhases = (
				6F710CE62812965E0058AE66 /* Sources */,
				6F710CE72812965E0058AE66 /* Frameworks */,
				6F710CE82812965E0058AE66 /* Resources */,
			);
			buildRules = (
			);
			dependencies = (
			);
			name = "Clock App";
			productName = "Clock App";
			productReference = 6F710CEA2812965E0058AE66 /* Clock App.app */;
			productType = "com.apple.product-type.application";
		};
/* End PBXNativeTarget section */

/* Begin PBXProject section */
		6F710CE22812965E0058AE66 /* Project object */ = {
			isa = PBXProject;
			attributes = {
				BuildIndependentTargetsInParallel = 1;
				LastSwiftUpdateCheck = 1330;
				LastUpgradeCheck = 1330;
				TargetAttributes = {
					6F710CE92812965E0058AE66 = {
						CreatedOnToolsVersion = 13.3.1;
					};
				};
			};
			buildConfigurationList = 6F710CE52812965E0058AE66 /* Build configuration list for PBXProject "Clock App" */;
			compatibilityVersion = "Xcode 13.0";
			developmentRegion = en;
			hasScannedForEncodings = 0;
			knownRegions = (
				en,
				Base,
			);
			mainGroup = 6F710CE12812965E0058AE66;
			productRefGroup = 6F710CEB2812965E0058AE66 /* Products */;
			projectDirPath = "";
			projectRoot = "";
			targets = (
				6F710CE92812965E0058AE66 /* Clock App */,
			);
		};
/* End PBXProject section */

/* Begin PBXResourcesBuildPhase section */
		6F710CE82812965E0058AE66 /* Resources */ = {
			isa = PBXResourcesBuildPhase;
			buildActionMask = 2147483647;
			files = (
				6F80D20D288A432B00C1955E /* facility-alarm2.wav in Resources */,
				6F80D21C288A432B00C1955E /* clock.wav in Resources */,
				6F710CF5281296600058AE66 /* Preview Assets.xcassets in Resources */,
				6F80D210288A432B00C1955E /* warning.wav in Resources */,
				6F80D212288A432B00C1955E /* spaceship.wav in Resources */,
				6F80D209288A432B00C1955E /* classic-short-alarm.wav in Resources */,
				6F710CF2281296600058AE66 /* Assets.xcassets in Resources */,
				6F80D219288A432B00C1955E /* hint.wav in Resources */,
				6F80D207288A432B00C1955E /* alert.wav in Resources */,
				6F80D211288A432B00C1955E /* street.wav in Resources */,
				6F80D206288A432B00C1955E /* battle-ship.wav in Resources */,
				6F80D216288A432B00C1955E /* security.wav in Resources */,
				6F80D20F288A432B00C1955E /* sci-fi.wav in Resources */,
				6F80D218288A432B00C1955E /* facility-alarm.wav in Resources */,
				6F80D20C288A432B00C1955E /* hall.wav in Resources */,
				6F80D208288A432B00C1955E /* morning.wav in Resources */,
				6F80D20E288A432B00C1955E /* emergency.wav in Resources */,
				6F80D21D288A432B00C1955E /* vintage.wav in Resources */,
				6F80D21A288A432B00C1955E /* classic-alarm.wav in Resources */,
				6F80D214288A432B00C1955E /* space.wav in Resources */,
				6F80D217288A432B00C1955E /* tone.wav in Resources */,
				6F80D215288A432B00C1955E /* retro.wav in Resources */,
				6F80D21B288A432B00C1955E /* digital-alarm.wav in Resources */,
				6F80D213288A432B00C1955E /* game.wav in Resources */,
				6F80D20B288A432B00C1955E /* digital-buzzer.wav in Resources */,
				6F80D20A288A432B00C1955E /* critical-alarm.wav in Resources */,
			);
			runOnlyForDeploymentPostprocessing = 0;
		};
/* End PBXResourcesBuildPhase section */

/* Begin PBXSourcesBuildPhase section */
		6F710CE62812965E0058AE66 /* Sources */ = {
			isa = PBXSourcesBuildPhase;
			buildActionMask = 2147483647;
			files = (
				6FEEFAA1288A45390055CD00 /* AppDelegate.swift in Sources */,
				6F80D266288A43A300C1955E /* LabelAlarmView.swift in Sources */,
				6F80D25E288A43A300C1955E /* TimerView.swift in Sources */,
				6F80D25B288A43A300C1955E /* ClassicSoundFooterView.swift in Sources */,
				6F80D26C288A43A300C1955E /* AlarmSettingView.swift in Sources */,
				6F80D254288A43A300C1955E /* Clock_App.xcdatamodeld in Sources */,
				6F80D256288A43A300C1955E /* AlarmViewModel.swift in Sources */,
				6F80D252288A43A300C1955E /* LocalNotificationManager.swift in Sources */,
				6F80D261288A43A300C1955E /* CustomTimerPickerView.swift in Sources */,
				6FAC41E7288B072600FD2A48 /* BackButtonModifier.swift in Sources */,
				6F80D269288A43A300C1955E /* VibrationAlarmView.swift in Sources */,
				6F80D253288A43A300C1955E /* Persistence.swift in Sources */,
				6F80D25C288A43A300C1955E /* SoundFooterView.swift in Sources */,
				6F80D260288A43A300C1955E /* TimerDisplayView.swift in Sources */,
				6F80D268288A43A300C1955E /* SoundAlarmView.swift in Sources */,
				6F80D251288A43A300C1955E /* SoundPlayer.swift in Sources */,
				6F80D259288A43A300C1955E /* AlarmModel.swift in Sources */,
				6F80D264288A43A300C1955E /* BackgroundRingView.swift in Sources */,
				6F80D257288A43A300C1955E /* SoundModel.swift in Sources */,
				6F80D25F288A43A300C1955E /* TimerPickerView.swift in Sources */,
				6F80D258288A43A300C1955E /* TimerViewModel.swift in Sources */,
				6F80D26A288A43A300C1955E /* SongAlarmView.swift in Sources */,
				6F80D263288A43A300C1955E /* TimerRIngView.swift in Sources */,
				6F80D267288A43A300C1955E /* ClassicSoundAlarmView.swift in Sources */,
				6FEEFA9F288A450F0055CD00 /* Clock_App.swift in Sources */,
				6F80D26D288A43A300C1955E /* AlarmView.swift in Sources */,
				6F80D25A288A43A300C1955E /* TimerFooterView.swift in Sources */,
				6F80D265288A43A300C1955E /* RepeatAlarmView.swift in Sources */,
				6F80D26E288A43A300C1955E /* AlarmCellView.swift in Sources */,
				6F80D25D288A43A300C1955E /* TImerCenterView.swift in Sources */,
				6F80D26B288A43A300C1955E /* CRUDAlarmView.swift in Sources */,
				6F80D262288A43A300C1955E /* TimerHeaderView.swift in Sources */,
				6F80D255288A43A300C1955E /* SoundViewModel.swift in Sources */,
				6F80D250288A43A300C1955E /* Constants.swift in Sources */,
			);
			runOnlyForDeploymentPostprocessing = 0;
		};
/* End PBXSourcesBuildPhase section */

/* Begin XCBuildConfiguration section */
		6F710CFB281296600058AE66 /* Debug */ = {
			isa = XCBuildConfiguration;
			buildSettings = {
				ALWAYS_SEARCH_USER_PATHS = NO;
				CLANG_ANALYZER_NONNULL = YES;
				CLANG_ANALYZER_NUMBER_OBJECT_CONVERSION = YES_AGGRESSIVE;
				CLANG_CXX_LANGUAGE_STANDARD = "gnu++17";
				CLANG_ENABLE_MODULES = YES;
				CLANG_ENABLE_OBJC_ARC = YES;
				CLANG_ENABLE_OBJC_WEAK = YES;
				CLANG_WARN_BLOCK_CAPTURE_AUTORELEASING = YES;
				CLANG_WARN_BOOL_CONVERSION = YES;
				CLANG_WARN_COMMA = YES;
				CLANG_WARN_CONSTANT_CONVERSION = YES;
				CLANG_WARN_DEPRECATED_OBJC_IMPLEMENTATIONS = YES;
				CLANG_WARN_DIRECT_OBJC_ISA_USAGE = YES_ERROR;
				CLANG_WARN_DOCUMENTATION_COMMENTS = YES;
				CLANG_WARN_EMPTY_BODY = YES;
				CLANG_WARN_ENUM_CONVERSION = YES;
				CLANG_WARN_INFINITE_RECURSION = YES;
				CLANG_WARN_INT_CONVERSION = YES;
				CLANG_WARN_NON_LITERAL_NULL_CONVERSION = YES;
				CLANG_WARN_OBJC_IMPLICIT_RETAIN_SELF = YES;
				CLANG_WARN_OBJC_LITERAL_CONVERSION = YES;
				CLANG_WARN_OBJC_ROOT_CLASS = YES_ERROR;
				CLANG_WARN_QUOTED_INCLUDE_IN_FRAMEWORK_HEADER = YES;
				CLANG_WARN_RANGE_LOOP_ANALYSIS = YES;
				CLANG_WARN_STRICT_PROTOTYPES = YES;
				CLANG_WARN_SUSPICIOUS_MOVE = YES;
				CLANG_WARN_UNGUARDED_AVAILABILITY = YES_AGGRESSIVE;
				CLANG_WARN_UNREACHABLE_CODE = YES;
				CLANG_WARN__DUPLICATE_METHOD_MATCH = YES;
				COPY_PHASE_STRIP = NO;
				DEBUG_INFORMATION_FORMAT = dwarf;
				ENABLE_STRICT_OBJC_MSGSEND = YES;
				ENABLE_TESTABILITY = YES;
				GCC_C_LANGUAGE_STANDARD = gnu11;
				GCC_DYNAMIC_NO_PIC = NO;
				GCC_NO_COMMON_BLOCKS = YES;
				GCC_OPTIMIZATION_LEVEL = 0;
				GCC_PREPROCESSOR_DEFINITIONS = (
					"DEBUG=1",
					"$(inherited)",
				);
				GCC_WARN_64_TO_32_BIT_CONVERSION = YES;
				GCC_WARN_ABOUT_RETURN_TYPE = YES_ERROR;
				GCC_WARN_UNDECLARED_SELECTOR = YES;
				GCC_WARN_UNINITIALIZED_AUTOS = YES_AGGRESSIVE;
				GCC_WARN_UNUSED_FUNCTION = YES;
				GCC_WARN_UNUSED_VARIABLE = YES;
				IPHONEOS_DEPLOYMENT_TARGET = 15.4;
				MTL_ENABLE_DEBUG_INFO = INCLUDE_SOURCE;
				MTL_FAST_MATH = YES;
				ONLY_ACTIVE_ARCH = YES;
				SDKROOT = iphoneos;
				SWIFT_ACTIVE_COMPILATION_CONDITIONS = DEBUG;
				SWIFT_OPTIMIZATION_LEVEL = "-Onone";
			};
			name = Debug;
		};
		6F710CFC281296600058AE66 /* Release */ = {
			isa = XCBuildConfiguration;
			buildSettings = {
				ALWAYS_SEARCH_USER_PATHS = NO;
				CLANG_ANALYZER_NONNULL = YES;
				CLANG_ANALYZER_NUMBER_OBJECT_CONVERSION = YES_AGGRESSIVE;
				CLANG_CXX_LANGUAGE_STANDARD = "gnu++17";
				CLANG_ENABLE_MODULES = YES;
				CLANG_ENABLE_OBJC_ARC = YES;
				CLANG_ENABLE_OBJC_WEAK = YES;
				CLANG_WARN_BLOCK_CAPTURE_AUTORELEASING = YES;
				CLANG_WARN_BOOL_CONVERSION = YES;
				CLANG_WARN_COMMA = YES;
				CLANG_WARN_CONSTANT_CONVERSION = YES;
				CLANG_WARN_DEPRECATED_OBJC_IMPLEMENTATIONS = YES;
				CLANG_WARN_DIRECT_OBJC_ISA_USAGE = YES_ERROR;
				CLANG_WARN_DOCUMENTATION_COMMENTS = YES;
				CLANG_WARN_EMPTY_BODY = YES;
				CLANG_WARN_ENUM_CONVERSION = YES;
				CLANG_WARN_INFINITE_RECURSION = YES;
				CLANG_WARN_INT_CONVERSION = YES;
				CLANG_WARN_NON_LITERAL_NULL_CONVERSION = YES;
				CLANG_WARN_OBJC_IMPLICIT_RETAIN_SELF = YES;
				CLANG_WARN_OBJC_LITERAL_CONVERSION = YES;
				CLANG_WARN_OBJC_ROOT_CLASS = YES_ERROR;
				CLANG_WARN_QUOTED_INCLUDE_IN_FRAMEWORK_HEADER = YES;
				CLANG_WARN_RANGE_LOOP_ANALYSIS = YES;
				CLANG_WARN_STRICT_PROTOTYPES = YES;
				CLANG_WARN_SUSPICIOUS_MOVE = YES;
				CLANG_WARN_UNGUARDED_AVAILABILITY = YES_AGGRESSIVE;
				CLANG_WARN_UNREACHABLE_CODE = YES;
				CLANG_WARN__DUPLICATE_METHOD_MATCH = YES;
				COPY_PHASE_STRIP = NO;
				DEBUG_INFORMATION_FORMAT = "dwarf-with-dsym";
				ENABLE_NS_ASSERTIONS = NO;
				ENABLE_STRICT_OBJC_MSGSEND = YES;
				GCC_C_LANGUAGE_STANDARD = gnu11;
				GCC_NO_COMMON_BLOCKS = YES;
				GCC_WARN_64_TO_32_BIT_CONVERSION = YES;
				GCC_WARN_ABOUT_RETURN_TYPE = YES_ERROR;
				GCC_WARN_UNDECLARED_SELECTOR = YES;
				GCC_WARN_UNINITIALIZED_AUTOS = YES_AGGRESSIVE;
				GCC_WARN_UNUSED_FUNCTION = YES;
				GCC_WARN_UNUSED_VARIABLE = YES;
				IPHONEOS_DEPLOYMENT_TARGET = 15.4;
				MTL_ENABLE_DEBUG_INFO = NO;
				MTL_FAST_MATH = YES;
				SDKROOT = iphoneos;
				SWIFT_COMPILATION_MODE = wholemodule;
				SWIFT_OPTIMIZATION_LEVEL = "-O";
				VALIDATE_PRODUCT = YES;
			};
			name = Release;
		};
		6F710CFE281296600058AE66 /* Debug */ = {
			isa = XCBuildConfiguration;
			buildSettings = {
				ASSETCATALOG_COMPILER_APPICON_NAME = AppIcon;
				ASSETCATALOG_COMPILER_GLOBAL_ACCENT_COLOR_NAME = AccentColor;
				CODE_SIGN_STYLE = Automatic;
				CURRENT_PROJECT_VERSION = 1;
				DEVELOPMENT_ASSET_PATHS = "\"Clock App/Preview Content\"";
				DEVELOPMENT_TEAM = WPL7Q42L8U;
				ENABLE_PREVIEWS = YES;
				GENERATE_INFOPLIST_FILE = YES;
				INFOPLIST_KEY_UIApplicationSceneManifest_Generation = YES;
				INFOPLIST_KEY_UIApplicationSupportsIndirectInputEvents = YES;
				INFOPLIST_KEY_UILaunchScreen_Generation = YES;
				INFOPLIST_KEY_UISupportedInterfaceOrientations_iPad = "UIInterfaceOrientationPortrait UIInterfaceOrientationPortraitUpsideDown UIInterfaceOrientationLandscapeLeft UIInterfaceOrientationLandscapeRight";
				INFOPLIST_KEY_UISupportedInterfaceOrientations_iPhone = "UIInterfaceOrientationPortrait UIInterfaceOrientationLandscapeLeft UIInterfaceOrientationLandscapeRight";
				INFOPLIST_KEY_UIUserInterfaceStyle = Dark;
				LD_RUNPATH_SEARCH_PATHS = (
					"$(inherited)",
					"@executable_path/Frameworks",
				);
				MARKETING_VERSION = 1.0;
				PRODUCT_BUNDLE_IDENTIFIER = "com.skh.Clock-App";
				PRODUCT_NAME = "$(TARGET_NAME)";
				SWIFT_EMIT_LOC_STRINGS = YES;
				SWIFT_VERSION = 5.0;
				TARGETED_DEVICE_FAMILY = "1,2";
			};
			name = Debug;
		};
		6F710CFF281296600058AE66 /* Release */ = {
			isa = XCBuildConfiguration;
			buildSettings = {
				ASSETCATALOG_COMPILER_APPICON_NAME = AppIcon;
				ASSETCATALOG_COMPILER_GLOBAL_ACCENT_COLOR_NAME = AccentColor;
				CODE_SIGN_STYLE = Automatic;
				CURRENT_PROJECT_VERSION = 1;
				DEVELOPMENT_ASSET_PATHS = "\"Clock App/Preview Content\"";
				DEVELOPMENT_TEAM = WPL7Q42L8U;
				ENABLE_PREVIEWS = YES;
				GENERATE_INFOPLIST_FILE = YES;
				INFOPLIST_KEY_UIApplicationSceneManifest_Generation = YES;
				INFOPLIST_KEY_UIApplicationSupportsIndirectInputEvents = YES;
				INFOPLIST_KEY_UILaunchScreen_Generation = YES;
				INFOPLIST_KEY_UISupportedInterfaceOrientations_iPad = "UIInterfaceOrientationPortrait UIInterfaceOrientationPortraitUpsideDown UIInterfaceOrientationLandscapeLeft UIInterfaceOrientationLandscapeRight";
				INFOPLIST_KEY_UISupportedInterfaceOrientations_iPhone = "UIInterfaceOrientationPortrait UIInterfaceOrientationLandscapeLeft UIInterfaceOrientationLandscapeRight";
				INFOPLIST_KEY_UIUserInterfaceStyle = Dark;
				LD_RUNPATH_SEARCH_PATHS = (
					"$(inherited)",
					"@executable_path/Frameworks",
				);
				MARKETING_VERSION = 1.0;
				PRODUCT_BUNDLE_IDENTIFIER = "com.skh.Clock-App";
				PRODUCT_NAME = "$(TARGET_NAME)";
				SWIFT_EMIT_LOC_STRINGS = YES;
				SWIFT_VERSION = 5.0;
				TARGETED_DEVICE_FAMILY = "1,2";
			};
			name = Release;
		};
/* End XCBuildConfiguration section */

/* Begin XCConfigurationList section */
		6F710CE52812965E0058AE66 /* Build configuration list for PBXProject "Clock App" */ = {
			isa = XCConfigurationList;
			buildConfigurations = (
				6F710CFB281296600058AE66 /* Debug */,
				6F710CFC281296600058AE66 /* Release */,
			);
			defaultConfigurationIsVisible = 0;
			defaultConfigurationName = Release;
		};
		6F710CFD281296600058AE66 /* Build configuration list for PBXNativeTarget "Clock App" */ = {
			isa = XCConfigurationList;
			buildConfigurations = (
				6F710CFE281296600058AE66 /* Debug */,
				6F710CFF281296600058AE66 /* Release */,
			);
			defaultConfigurationIsVisible = 0;
			defaultConfigurationName = Release;
		};
/* End XCConfigurationList section */

/* Begin XCVersionGroup section */
		6F80D22A288A43A300C1955E /* Clock_App.xcdatamodeld */ = {
			isa = XCVersionGroup;
			children = (
				6F80D22B288A43A300C1955E /* Clock_App.xcdatamodel */,
			);
			currentVersion = 6F80D22B288A43A300C1955E /* Clock_App.xcdatamodel */;
			path = Clock_App.xcdatamodeld;
			sourceTree = "<group>";
			versionGroupType = wrapper.xcdatamodel;
		};
/* End XCVersionGroup section */
	};
	rootObject = 6F710CE22812965E0058AE66 /* Project object */;
}
