// !$*UTF8*$!
{
	archiveVersion = 1;
	classes = {
	};
	objectVersion = 55;
	objects = {

/* Begin PBXBuildFile section */
		6F01275D288CE254000EB72A /* Main.xcdatamodeld in Sources */ = {isa = PBXBuildFile; fileRef = 6F01275B288CE254000EB72A /* Main.xcdatamodeld */; };
		6F01275F288CE2D8000EB72A /* Persistance.swift in Sources */ = {isa = PBXBuildFile; fileRef = 6F01275E288CE2D8000EB72A /* Persistance.swift */; };
		6F01277B288CE459000EB72A /* emergency.mp3 in Resources */ = {isa = PBXBuildFile; fileRef = 6F012761288CE457000EB72A /* emergency.mp3 */; };
		6F01277C288CE459000EB72A /* over simplified alarm.mp3 in Resources */ = {isa = PBXBuildFile; fileRef = 6F012762288CE458000EB72A /* over simplified alarm.mp3 */; };
		6F01277D288CE459000EB72A /* tic-tac.mp3 in Resources */ = {isa = PBXBuildFile; fileRef = 6F012763288CE458000EB72A /* tic-tac.mp3 */; };
		6F01277E288CE459000EB72A /* nuclear alarm.mp3 in Resources */ = {isa = PBXBuildFile; fileRef = 6F012764288CE458000EB72A /* nuclear alarm.mp3 */; };
		6F01277F288CE459000EB72A /* military alarm.mp3 in Resources */ = {isa = PBXBuildFile; fileRef = 6F012765288CE458000EB72A /* military alarm.mp3 */; };
		6F012780288CE459000EB72A /* siren.mp3 in Resources */ = {isa = PBXBuildFile; fileRef = 6F012766288CE458000EB72A /* siren.mp3 */; };
		6F012781288CE459000EB72A /* car or home.mp3 in Resources */ = {isa = PBXBuildFile; fileRef = 6F012767288CE458000EB72A /* car or home.mp3 */; };
		6F012782288CE459000EB72A /* german ambulance.mp3 in Resources */ = {isa = PBXBuildFile; fileRef = 6F012768288CE458000EB72A /* german ambulance.mp3 */; };
		6F012783288CE459000EB72A /* smart phone vibration.mp3 in Resources */ = {isa = PBXBuildFile; fileRef = 6F012769288CE458000EB72A /* smart phone vibration.mp3 */; };
		6F012784288CE459000EB72A /* clock strick.mp3 in Resources */ = {isa = PBXBuildFile; fileRef = 6F01276A288CE458000EB72A /* clock strick.mp3 */; };
		6F012785288CE459000EB72A /* no3.mp3 in Resources */ = {isa = PBXBuildFile; fileRef = 6F01276B288CE458000EB72A /* no3.mp3 */; };
		6F012786288CE459000EB72A /* destruct sequence.mp3 in Resources */ = {isa = PBXBuildFile; fileRef = 6F01276C288CE458000EB72A /* destruct sequence.mp3 */; };
		6F012788288CE459000EB72A /* beep beep.mp3 in Resources */ = {isa = PBXBuildFile; fileRef = 6F01276E288CE458000EB72A /* beep beep.mp3 */; };
		6F012789288CE459000EB72A /* beep warning.mp3 in Resources */ = {isa = PBXBuildFile; fileRef = 6F01276F288CE458000EB72A /* beep warning.mp3 */; };
		6F01278A288CE459000EB72A /* clock short.mp3 in Resources */ = {isa = PBXBuildFile; fileRef = 6F012770288CE459000EB72A /* clock short.mp3 */; };
		6F01278B288CE459000EB72A /* futuristic.mp3 in Resources */ = {isa = PBXBuildFile; fileRef = 6F012771288CE459000EB72A /* futuristic.mp3 */; };
		6F01278C288CE459000EB72A /* machine error.mp3 in Resources */ = {isa = PBXBuildFile; fileRef = 6F012772288CE459000EB72A /* machine error.mp3 */; };
		6F01278D288CE459000EB72A /* dark sitar.mp3 in Resources */ = {isa = PBXBuildFile; fileRef = 6F012773288CE459000EB72A /* dark sitar.mp3 */; };
		6F01278E288CE459000EB72A /* clock alarm1.mp3 in Resources */ = {isa = PBXBuildFile; fileRef = 6F012774288CE459000EB72A /* clock alarm1.mp3 */; };
		6F01278F288CE459000EB72A /* psycho.mp3 in Resources */ = {isa = PBXBuildFile; fileRef = 6F012775288CE459000EB72A /* psycho.mp3 */; };
		6F012790288CE459000EB72A /* clock ticking.mp3 in Resources */ = {isa = PBXBuildFile; fileRef = 6F012776288CE459000EB72A /* clock ticking.mp3 */; };
		6F012791288CE459000EB72A /* police fire.mp3 in Resources */ = {isa = PBXBuildFile; fileRef = 6F012777288CE459000EB72A /* police fire.mp3 */; };
		6F012792288CE459000EB72A /* clock alarm2.mp3 in Resources */ = {isa = PBXBuildFile; fileRef = 6F012778288CE459000EB72A /* clock alarm2.mp3 */; };
		6F012793288CE459000EB72A /* cinematic alarm.mp3 in Resources */ = {isa = PBXBuildFile; fileRef = 6F012779288CE459000EB72A /* cinematic alarm.mp3 */; };
		6F012794288CE459000EB72A /* off-hook.mp3 in Resources */ = {isa = PBXBuildFile; fileRef = 6F01277A288CE459000EB72A /* off-hook.mp3 */; };
		6F710CF2281296600058AE66 /* Assets.xcassets in Resources */ = {isa = PBXBuildFile; fileRef = 6F710CF1281296600058AE66 /* Assets.xcassets */; };
		6F710CF5281296600058AE66 /* Preview Assets.xcassets in Resources */ = {isa = PBXBuildFile; fileRef = 6F710CF4281296600058AE66 /* Preview Assets.xcassets */; };
		6F80D250288A43A300C1955E /* Constants.swift in Sources */ = {isa = PBXBuildFile; fileRef = 6F80D225288A43A300C1955E /* Constants.swift */; };
		6F80D251288A43A300C1955E /* SoundPlayer.swift in Sources */ = {isa = PBXBuildFile; fileRef = 6F80D226288A43A300C1955E /* SoundPlayer.swift */; };
		6F80D252288A43A300C1955E /* LocalNotificationManager.swift in Sources */ = {isa = PBXBuildFile; fileRef = 6F80D227288A43A300C1955E /* LocalNotificationManager.swift */; };
		6F80D255288A43A300C1955E /* SoundViewModel.swift in Sources */ = {isa = PBXBuildFile; fileRef = 6F80D22D288A43A300C1955E /* SoundViewModel.swift */; };
		6F80D256288A43A300C1955E /* AlarmViewModel.swift in Sources */ = {isa = PBXBuildFile; fileRef = 6F80D22E288A43A300C1955E /* AlarmViewModel.swift */; };
		6F80D257288A43A300C1955E /* SoundModel.swift in Sources */ = {isa = PBXBuildFile; fileRef = 6F80D230288A43A300C1955E /* SoundModel.swift */; };
		6F80D258288A43A300C1955E /* TimerViewModel.swift in Sources */ = {isa = PBXBuildFile; fileRef = 6F80D231288A43A300C1955E /* TimerViewModel.swift */; };
		6F80D259288A43A300C1955E /* AlarmModel.swift in Sources */ = {isa = PBXBuildFile; fileRef = 6F80D232288A43A300C1955E /* AlarmModel.swift */; };
		6F80D25A288A43A300C1955E /* TimerFooterView.swift in Sources */ = {isa = PBXBuildFile; fileRef = 6F80D236288A43A300C1955E /* TimerFooterView.swift */; };
		6F80D25B288A43A300C1955E /* ClassicSoundFooterView.swift in Sources */ = {isa = PBXBuildFile; fileRef = 6F80D237288A43A300C1955E /* ClassicSoundFooterView.swift */; };
		6F80D25C288A43A300C1955E /* SoundFooterView.swift in Sources */ = {isa = PBXBuildFile; fileRef = 6F80D238288A43A300C1955E /* SoundFooterView.swift */; };
		6F80D25D288A43A300C1955E /* TImerCenterView.swift in Sources */ = {isa = PBXBuildFile; fileRef = 6F80D23A288A43A300C1955E /* TImerCenterView.swift */; };
		6F80D25E288A43A300C1955E /* TimerView.swift in Sources */ = {isa = PBXBuildFile; fileRef = 6F80D23B288A43A300C1955E /* TimerView.swift */; };
		6F80D25F288A43A300C1955E /* TimerPickerView.swift in Sources */ = {isa = PBXBuildFile; fileRef = 6F80D23D288A43A300C1955E /* TimerPickerView.swift */; };
		6F80D260288A43A300C1955E /* TimerDisplayView.swift in Sources */ = {isa = PBXBuildFile; fileRef = 6F80D23E288A43A300C1955E /* TimerDisplayView.swift */; };
		6F80D261288A43A300C1955E /* CustomTimerPickerView.swift in Sources */ = {isa = PBXBuildFile; fileRef = 6F80D23F288A43A300C1955E /* CustomTimerPickerView.swift */; };
		6F80D262288A43A300C1955E /* TimerHeaderView.swift in Sources */ = {isa = PBXBuildFile; fileRef = 6F80D240288A43A300C1955E /* TimerHeaderView.swift */; };
		6F80D263288A43A300C1955E /* TimerRIngView.swift in Sources */ = {isa = PBXBuildFile; fileRef = 6F80D241288A43A300C1955E /* TimerRIngView.swift */; };
		6F80D264288A43A300C1955E /* BackgroundRingView.swift in Sources */ = {isa = PBXBuildFile; fileRef = 6F80D242288A43A300C1955E /* BackgroundRingView.swift */; };
		6F80D265288A43A300C1955E /* RepeatAlarmView.swift in Sources */ = {isa = PBXBuildFile; fileRef = 6F80D245288A43A300C1955E /* RepeatAlarmView.swift */; };
		6F80D266288A43A300C1955E /* LabelAlarmView.swift in Sources */ = {isa = PBXBuildFile; fileRef = 6F80D246288A43A300C1955E /* LabelAlarmView.swift */; };
		6F80D267288A43A300C1955E /* ClassicSoundAlarmView.swift in Sources */ = {isa = PBXBuildFile; fileRef = 6F80D248288A43A300C1955E /* ClassicSoundAlarmView.swift */; };
		6F80D268288A43A300C1955E /* SoundAlarmView.swift in Sources */ = {isa = PBXBuildFile; fileRef = 6F80D249288A43A300C1955E /* SoundAlarmView.swift */; };
		6F80D269288A43A300C1955E /* VibrationAlarmView.swift in Sources */ = {isa = PBXBuildFile; fileRef = 6F80D24A288A43A300C1955E /* VibrationAlarmView.swift */; };
		6F80D26A288A43A300C1955E /* SongAlarmView.swift in Sources */ = {isa = PBXBuildFile; fileRef = 6F80D24B288A43A300C1955E /* SongAlarmView.swift */; };
		6F80D26B288A43A300C1955E /* CRUDAlarmView.swift in Sources */ = {isa = PBXBuildFile; fileRef = 6F80D24C288A43A300C1955E /* CRUDAlarmView.swift */; };
		6F80D26C288A43A300C1955E /* AlarmSettingView.swift in Sources */ = {isa = PBXBuildFile; fileRef = 6F80D24D288A43A300C1955E /* AlarmSettingView.swift */; };
		6F80D26D288A43A300C1955E /* AlarmView.swift in Sources */ = {isa = PBXBuildFile; fileRef = 6F80D24E288A43A300C1955E /* AlarmView.swift */; };
		6F80D26E288A43A300C1955E /* AlarmCellView.swift in Sources */ = {isa = PBXBuildFile; fileRef = 6F80D24F288A43A300C1955E /* AlarmCellView.swift */; };
		6FAC41E7288B072600FD2A48 /* BackButtonModifier.swift in Sources */ = {isa = PBXBuildFile; fileRef = 6FAC41E6288B072600FD2A48 /* BackButtonModifier.swift */; };
		6FEEFA9F288A450F0055CD00 /* Clock_App.swift in Sources */ = {isa = PBXBuildFile; fileRef = 6FEEFA9E288A450F0055CD00 /* Clock_App.swift */; };
		6FEEFAA1288A45390055CD00 /* AppDelegate.swift in Sources */ = {isa = PBXBuildFile; fileRef = 6FEEFAA0288A45390055CD00 /* AppDelegate.swift */; };
/* End PBXBuildFile section */

/* Begin PBXFileReference section */
		6F01275C288CE254000EB72A /* Model.xcdatamodel */ = {isa = PBXFileReference; lastKnownFileType = wrapper.xcdatamodel; path = Model.xcdatamodel; sourceTree = "<group>"; };
		6F01275E288CE2D8000EB72A /* Persistance.swift */ = {isa = PBXFileReference; lastKnownFileType = sourcecode.swift; path = Persistance.swift; sourceTree = "<group>"; };
		6F012761288CE457000EB72A /* emergency.mp3 */ = {isa = PBXFileReference; lastKnownFileType = audio.mp3; path = emergency.mp3; sourceTree = "<group>"; };
		6F012762288CE458000EB72A /* over simplified alarm.mp3 */ = {isa = PBXFileReference; lastKnownFileType = audio.mp3; path = "over simplified alarm.mp3"; sourceTree = "<group>"; };
		6F012763288CE458000EB72A /* tic-tac.mp3 */ = {isa = PBXFileReference; lastKnownFileType = audio.mp3; path = "tic-tac.mp3"; sourceTree = "<group>"; };
		6F012764288CE458000EB72A /* nuclear alarm.mp3 */ = {isa = PBXFileReference; lastKnownFileType = audio.mp3; path = "nuclear alarm.mp3"; sourceTree = "<group>"; };
		6F012765288CE458000EB72A /* military alarm.mp3 */ = {isa = PBXFileReference; lastKnownFileType = audio.mp3; path = "military alarm.mp3"; sourceTree = "<group>"; };
		6F012766288CE458000EB72A /* siren.mp3 */ = {isa = PBXFileReference; lastKnownFileType = audio.mp3; path = siren.mp3; sourceTree = "<group>"; };
		6F012767288CE458000EB72A /* car or home.mp3 */ = {isa = PBXFileReference; lastKnownFileType = audio.mp3; path = "car or home.mp3"; sourceTree = "<group>"; };
		6F012768288CE458000EB72A /* german ambulance.mp3 */ = {isa = PBXFileReference; lastKnownFileType = audio.mp3; path = "german ambulance.mp3"; sourceTree = "<group>"; };
		6F012769288CE458000EB72A /* smart phone vibration.mp3 */ = {isa = PBXFileReference; lastKnownFileType = audio.mp3; path = "smart phone vibration.mp3"; sourceTree = "<group>"; };
		6F01276A288CE458000EB72A /* clock strick.mp3 */ = {isa = PBXFileReference; lastKnownFileType = audio.mp3; path = "clock strick.mp3"; sourceTree = "<group>"; };
		6F01276B288CE458000EB72A /* no3.mp3 */ = {isa = PBXFileReference; lastKnownFileType = audio.mp3; path = no3.mp3; sourceTree = "<group>"; };
		6F01276C288CE458000EB72A /* destruct sequence.mp3 */ = {isa = PBXFileReference; lastKnownFileType = audio.mp3; path = "destruct sequence.mp3"; sourceTree = "<group>"; };
		6F01276E288CE458000EB72A /* beep beep.mp3 */ = {isa = PBXFileReference; lastKnownFileType = audio.mp3; path = "beep beep.mp3"; sourceTree = "<group>"; };
		6F01276F288CE458000EB72A /* beep warning.mp3 */ = {isa = PBXFileReference; lastKnownFileType = audio.mp3; path = "beep warning.mp3"; sourceTree = "<group>"; };
		6F012770288CE459000EB72A /* clock short.mp3 */ = {isa = PBXFileReference; lastKnownFileType = audio.mp3; path = "clock short.mp3"; sourceTree = "<group>"; };
		6F012771288CE459000EB72A /* futuristic.mp3 */ = {isa = PBXFileReference; lastKnownFileType = audio.mp3; path = futuristic.mp3; sourceTree = "<group>"; };
		6F012772288CE459000EB72A /* machine error.mp3 */ = {isa = PBXFileReference; lastKnownFileType = audio.mp3; path = "machine error.mp3"; sourceTree = "<group>"; };
		6F012773288CE459000EB72A /* dark sitar.mp3 */ = {isa = PBXFileReference; lastKnownFileType = audio.mp3; path = "dark sitar.mp3"; sourceTree = "<group>"; };
		6F012774288CE459000EB72A /* clock alarm1.mp3 */ = {isa = PBXFileReference; lastKnownFileType = audio.mp3; path = "clock alarm1.mp3"; sourceTree = "<group>"; };
		6F012775288CE459000EB72A /* psycho.mp3 */ = {isa = PBXFileReference; lastKnownFileType = audio.mp3; path = psycho.mp3; sourceTree = "<group>"; };
		6F012776288CE459000EB72A /* clock ticking.mp3 */ = {isa = PBXFileReference; lastKnownFileType = audio.mp3; path = "clock ticking.mp3"; sourceTree = "<group>"; };
		6F012777288CE459000EB72A /* police fire.mp3 */ = {isa = PBXFileReference; lastKnownFileType = audio.mp3; path = "police fire.mp3"; sourceTree = "<group>"; };
		6F012778288CE459000EB72A /* clock alarm2.mp3 */ = {isa = PBXFileReference; lastKnownFileType = audio.mp3; path = "clock alarm2.mp3"; sourceTree = "<group>"; };
		6F012779288CE459000EB72A /* cinematic alarm.mp3 */ = {isa = PBXFileReference; lastKnownFileType = audio.mp3; path = "cinematic alarm.mp3"; sourceTree = "<group>"; };
		6F01277A288CE459000EB72A /* off-hook.mp3 */ = {isa = PBXFileReference; lastKnownFileType = audio.mp3; path = "off-hook.mp3"; sourceTree = "<group>"; };
		6F710CEA2812965E0058AE66 /* Clock App.app */ = {isa = PBXFileReference; explicitFileType = wrapper.application; includeInIndex = 0; path = "Clock App.app"; sourceTree = BUILT_PRODUCTS_DIR; };
		6F710CF1281296600058AE66 /* Assets.xcassets */ = {isa = PBXFileReference; lastKnownFileType = folder.assetcatalog; path = Assets.xcassets; sourceTree = "<group>"; };
		6F710CF4281296600058AE66 /* Preview Assets.xcassets */ = {isa = PBXFileReference; lastKnownFileType = folder.assetcatalog; path = "Preview Assets.xcassets"; sourceTree = "<group>"; };
		6F80D225288A43A300C1955E /* Constants.swift */ = {isa = PBXFileReference; fileEncoding = 4; lastKnownFileType = sourcecode.swift; path = Constants.swift; sourceTree = "<group>"; };
		6F80D226288A43A300C1955E /* SoundPlayer.swift */ = {isa = PBXFileReference; fileEncoding = 4; lastKnownFileType = sourcecode.swift; path = SoundPlayer.swift; sourceTree = "<group>"; };
		6F80D227288A43A300C1955E /* LocalNotificationManager.swift */ = {isa = PBXFileReference; fileEncoding = 4; lastKnownFileType = sourcecode.swift; path = LocalNotificationManager.swift; sourceTree = "<group>"; };
		6F80D22D288A43A300C1955E /* SoundViewModel.swift */ = {isa = PBXFileReference; fileEncoding = 4; lastKnownFileType = sourcecode.swift; path = SoundViewModel.swift; sourceTree = "<group>"; };
		6F80D22E288A43A300C1955E /* AlarmViewModel.swift */ = {isa = PBXFileReference; fileEncoding = 4; lastKnownFileType = sourcecode.swift; path = AlarmViewModel.swift; sourceTree = "<group>"; };
		6F80D230288A43A300C1955E /* SoundModel.swift */ = {isa = PBXFileReference; fileEncoding = 4; lastKnownFileType = sourcecode.swift; path = SoundModel.swift; sourceTree = "<group>"; };
		6F80D231288A43A300C1955E /* TimerViewModel.swift */ = {isa = PBXFileReference; fileEncoding = 4; lastKnownFileType = sourcecode.swift; path = TimerViewModel.swift; sourceTree = "<group>"; };
		6F80D232288A43A300C1955E /* AlarmModel.swift */ = {isa = PBXFileReference; fileEncoding = 4; lastKnownFileType = sourcecode.swift; path = AlarmModel.swift; sourceTree = "<group>"; };
		6F80D236288A43A300C1955E /* TimerFooterView.swift */ = {isa = PBXFileReference; fileEncoding = 4; lastKnownFileType = sourcecode.swift; path = TimerFooterView.swift; sourceTree = "<group>"; };
		6F80D237288A43A300C1955E /* ClassicSoundFooterView.swift */ = {isa = PBXFileReference; fileEncoding = 4; lastKnownFileType = sourcecode.swift; path = ClassicSoundFooterView.swift; sourceTree = "<group>"; };
		6F80D238288A43A300C1955E /* SoundFooterView.swift */ = {isa = PBXFileReference; fileEncoding = 4; lastKnownFileType = sourcecode.swift; path = SoundFooterView.swift; sourceTree = "<group>"; };
		6F80D23A288A43A300C1955E /* TImerCenterView.swift */ = {isa = PBXFileReference; fileEncoding = 4; lastKnownFileType = sourcecode.swift; path = TImerCenterView.swift; sourceTree = "<group>"; };
		6F80D23B288A43A300C1955E /* TimerView.swift */ = {isa = PBXFileReference; fileEncoding = 4; lastKnownFileType = sourcecode.swift; path = TimerView.swift; sourceTree = "<group>"; };
		6F80D23D288A43A300C1955E /* TimerPickerView.swift */ = {isa = PBXFileReference; fileEncoding = 4; lastKnownFileType = sourcecode.swift; path = TimerPickerView.swift; sourceTree = "<group>"; };
		6F80D23E288A43A300C1955E /* TimerDisplayView.swift */ = {isa = PBXFileReference; fileEncoding = 4; lastKnownFileType = sourcecode.swift; path = TimerDisplayView.swift; sourceTree = "<group>"; };
		6F80D23F288A43A300C1955E /* CustomTimerPickerView.swift */ = {isa = PBXFileReference; fileEncoding = 4; lastKnownFileType = sourcecode.swift; path = CustomTimerPickerView.swift; sourceTree = "<group>"; };
		6F80D240288A43A300C1955E /* TimerHeaderView.swift */ = {isa = PBXFileReference; fileEncoding = 4; lastKnownFileType = sourcecode.swift; path = TimerHeaderView.swift; sourceTree = "<group>"; };
		6F80D241288A43A300C1955E /* TimerRIngView.swift */ = {isa = PBXFileReference; fileEncoding = 4; lastKnownFileType = sourcecode.swift; path = TimerRIngView.swift; sourceTree = "<group>"; };
		6F80D242288A43A300C1955E /* BackgroundRingView.swift */ = {isa = PBXFileReference; fileEncoding = 4; lastKnownFileType = sourcecode.swift; path = BackgroundRingView.swift; sourceTree = "<group>"; };
		6F80D245288A43A300C1955E /* RepeatAlarmView.swift */ = {isa = PBXFileReference; fileEncoding = 4; lastKnownFileType = sourcecode.swift; path = RepeatAlarmView.swift; sourceTree = "<group>"; };
		6F80D246288A43A300C1955E /* LabelAlarmView.swift */ = {isa = PBXFileReference; fileEncoding = 4; lastKnownFileType = sourcecode.swift; path = LabelAlarmView.swift; sourceTree = "<group>"; };
		6F80D248288A43A300C1955E /* ClassicSoundAlarmView.swift */ = {isa = PBXFileReference; fileEncoding = 4; lastKnownFileType = sourcecode.swift; path = ClassicSoundAlarmView.swift; sourceTree = "<group>"; };
		6F80D249288A43A300C1955E /* SoundAlarmView.swift */ = {isa = PBXFileReference; fileEncoding = 4; lastKnownFileType = sourcecode.swift; path = SoundAlarmView.swift; sourceTree = "<group>"; };
		6F80D24A288A43A300C1955E /* VibrationAlarmView.swift */ = {isa = PBXFileReference; fileEncoding = 4; lastKnownFileType = sourcecode.swift; path = VibrationAlarmView.swift; sourceTree = "<group>"; };
		6F80D24B288A43A300C1955E /* SongAlarmView.swift */ = {isa = PBXFileReference; fileEncoding = 4; lastKnownFileType = sourcecode.swift; path = SongAlarmView.swift; sourceTree = "<group>"; };
		6F80D24C288A43A300C1955E /* CRUDAlarmView.swift */ = {isa = PBXFileReference; fileEncoding = 4; lastKnownFileType = sourcecode.swift; path = CRUDAlarmView.swift; sourceTree = "<group>"; };
		6F80D24D288A43A300C1955E /* AlarmSettingView.swift */ = {isa = PBXFileReference; fileEncoding = 4; lastKnownFileType = sourcecode.swift; path = AlarmSettingView.swift; sourceTree = "<group>"; };
		6F80D24E288A43A300C1955E /* AlarmView.swift */ = {isa = PBXFileReference; fileEncoding = 4; lastKnownFileType = sourcecode.swift; path = AlarmView.swift; sourceTree = "<group>"; };
		6F80D24F288A43A300C1955E /* AlarmCellView.swift */ = {isa = PBXFileReference; fileEncoding = 4; lastKnownFileType = sourcecode.swift; path = AlarmCellView.swift; sourceTree = "<group>"; };
		6FAC41E6288B072600FD2A48 /* BackButtonModifier.swift */ = {isa = PBXFileReference; lastKnownFileType = sourcecode.swift; path = BackButtonModifier.swift; sourceTree = "<group>"; };
		6FEEFA9E288A450F0055CD00 /* Clock_App.swift */ = {isa = PBXFileReference; lastKnownFileType = sourcecode.swift; path = Clock_App.swift; sourceTree = "<group>"; };
		6FEEFAA0288A45390055CD00 /* AppDelegate.swift */ = {isa = PBXFileReference; lastKnownFileType = sourcecode.swift; path = AppDelegate.swift; sourceTree = "<group>"; };
/* End PBXFileReference section */

/* Begin PBXFrameworksBuildPhase section */
		6F710CE72812965E0058AE66 /* Frameworks */ = {
			isa = PBXFrameworksBuildPhase;
			buildActionMask = 2147483647;
			files = (
			);
			runOnlyForDeploymentPostprocessing = 0;
		};
/* End PBXFrameworksBuildPhase section */

/* Begin PBXGroup section */
		6F01275A288CE22D000EB72A /* Core Data */ = {
			isa = PBXGroup;
			children = (
				6F01275B288CE254000EB72A /* Main.xcdatamodeld */,
				6F01275E288CE2D8000EB72A /* Persistance.swift */,
			);
			path = "Core Data";
			sourceTree = "<group>";
		};
		6F012760288CE441000EB72A /* Sound */ = {
			isa = PBXGroup;
			children = (
				6F012766288CE458000EB72A /* siren.mp3 */,
				6F012767288CE458000EB72A /* car or home.mp3 */,
				6F012770288CE459000EB72A /* clock short.mp3 */,
				6F012776288CE459000EB72A /* clock ticking.mp3 */,
				6F01276B288CE458000EB72A /* no3.mp3 */,
				6F012777288CE459000EB72A /* police fire.mp3 */,
				6F01276E288CE458000EB72A /* beep beep.mp3 */,
				6F01276F288CE458000EB72A /* beep warning.mp3 */,
				6F012779288CE459000EB72A /* cinematic alarm.mp3 */,
				6F012774288CE459000EB72A /* clock alarm1.mp3 */,
				6F012778288CE459000EB72A /* clock alarm2.mp3 */,
				6F012773288CE459000EB72A /* dark sitar.mp3 */,
				6F012761288CE457000EB72A /* emergency.mp3 */,
				6F012771288CE459000EB72A /* futuristic.mp3 */,
				6F012768288CE458000EB72A /* german ambulance.mp3 */,
				6F012772288CE459000EB72A /* machine error.mp3 */,
				6F012765288CE458000EB72A /* military alarm.mp3 */,
				6F012764288CE458000EB72A /* nuclear alarm.mp3 */,
				6F01277A288CE459000EB72A /* off-hook.mp3 */,
				6F012762288CE458000EB72A /* over simplified alarm.mp3 */,
				6F012775288CE459000EB72A /* psycho.mp3 */,
				6F01276C288CE458000EB72A /* destruct sequence.mp3 */,
				6F012769288CE458000EB72A /* smart phone vibration.mp3 */,
				6F01276A288CE458000EB72A /* clock strick.mp3 */,
				6F012763288CE458000EB72A /* tic-tac.mp3 */,
			);
			path = Sound;
			sourceTree = "<group>";
		};
		6F710CE12812965E0058AE66 = {
			isa = PBXGroup;
			children = (
				6F710CEC2812965E0058AE66 /* Clock App */,
				6F710CEB2812965E0058AE66 /* Products */,
			);
			sourceTree = "<group>";
		};
		6F710CEB2812965E0058AE66 /* Products */ = {
			isa = PBXGroup;
			children = (
				6F710CEA2812965E0058AE66 /* Clock App.app */,
			);
			name = Products;
			sourceTree = "<group>";
		};
		6F710CEC2812965E0058AE66 /* Clock App */ = {
			isa = PBXGroup;
			children = (
				6F012760288CE441000EB72A /* Sound */,
				6F01275A288CE22D000EB72A /* Core Data */,
				6FEEFA9D288A45000055CD00 /* App */,
				6F80D224288A43A300C1955E /* Helpers */,
				6F80D22F288A43A300C1955E /* Models */,
				6F80D22C288A43A300C1955E /* ViewModels */,
				6F80D233288A43A300C1955E /* Views */,
				6F710CF3281296600058AE66 /* Preview Content */,
				6F710CF1281296600058AE66 /* Assets.xcassets */,
			);
			path = "Clock App";
			sourceTree = "<group>";
		};
		6F710CF3281296600058AE66 /* Preview Content */ = {
			isa = PBXGroup;
			children = (
				6F710CF4281296600058AE66 /* Preview Assets.xcassets */,
			);
			path = "Preview Content";
			sourceTree = "<group>";
		};
		6F80D224288A43A300C1955E /* Helpers */ = {
			isa = PBXGroup;
			children = (
				6F80D225288A43A300C1955E /* Constants.swift */,
				6F80D226288A43A300C1955E /* SoundPlayer.swift */,
				6F80D227288A43A300C1955E /* LocalNotificationManager.swift */,
			);
			path = Helpers;
			sourceTree = "<group>";
		};
		6F80D22C288A43A300C1955E /* ViewModels */ = {
			isa = PBXGroup;
			children = (
				6F80D231288A43A300C1955E /* TimerViewModel.swift */,
				6F80D22D288A43A300C1955E /* SoundViewModel.swift */,
				6F80D22E288A43A300C1955E /* AlarmViewModel.swift */,
			);
			path = ViewModels;
			sourceTree = "<group>";
		};
		6F80D22F288A43A300C1955E /* Models */ = {
			isa = PBXGroup;
			children = (
				6F80D230288A43A300C1955E /* SoundModel.swift */,
				6F80D232288A43A300C1955E /* AlarmModel.swift */,
			);
			path = Models;
			sourceTree = "<group>";
		};
		6F80D233288A43A300C1955E /* Views */ = {
			isa = PBXGroup;
			children = (
				6F80D234288A43A300C1955E /* TimerSection */,
				6F80D243288A43A300C1955E /* AlarmSection */,
			);
			path = Views;
			sourceTree = "<group>";
		};
		6F80D234288A43A300C1955E /* TimerSection */ = {
			isa = PBXGroup;
			children = (
				6F80D23B288A43A300C1955E /* TimerView.swift */,
				6F80D23C288A43A300C1955E /* Header */,
				6F80D239288A43A300C1955E /* Center */,
				6F80D235288A43A300C1955E /* Footer */,
			);
			path = TimerSection;
			sourceTree = "<group>";
		};
		6F80D235288A43A300C1955E /* Footer */ = {
			isa = PBXGroup;
			children = (
				6F80D236288A43A300C1955E /* TimerFooterView.swift */,
				6F80D237288A43A300C1955E /* ClassicSoundFooterView.swift */,
				6F80D238288A43A300C1955E /* SoundFooterView.swift */,
			);
			path = Footer;
			sourceTree = "<group>";
		};
		6F80D239288A43A300C1955E /* Center */ = {
			isa = PBXGroup;
			children = (
				6F80D23A288A43A300C1955E /* TImerCenterView.swift */,
			);
			path = Center;
			sourceTree = "<group>";
		};
		6F80D23C288A43A300C1955E /* Header */ = {
			isa = PBXGroup;
			children = (
				6F80D23D288A43A300C1955E /* TimerPickerView.swift */,
				6F80D23E288A43A300C1955E /* TimerDisplayView.swift */,
				6F80D23F288A43A300C1955E /* CustomTimerPickerView.swift */,
				6F80D240288A43A300C1955E /* TimerHeaderView.swift */,
				6F80D241288A43A300C1955E /* TimerRIngView.swift */,
				6F80D242288A43A300C1955E /* BackgroundRingView.swift */,
			);
			path = Header;
			sourceTree = "<group>";
		};
		6F80D243288A43A300C1955E /* AlarmSection */ = {
			isa = PBXGroup;
			children = (
				6F80D24E288A43A300C1955E /* AlarmView.swift */,
				6F80D24D288A43A300C1955E /* AlarmSettingView.swift */,
				6F80D24F288A43A300C1955E /* AlarmCellView.swift */,
				6F80D244288A43A300C1955E /* CRUDAlarm */,
			);
			path = AlarmSection;
			sourceTree = "<group>";
		};
		6F80D244288A43A300C1955E /* CRUDAlarm */ = {
			isa = PBXGroup;
			children = (
				6FAC41E6288B072600FD2A48 /* BackButtonModifier.swift */,
				6F80D24C288A43A300C1955E /* CRUDAlarmView.swift */,
				6F80D245288A43A300C1955E /* RepeatAlarmView.swift */,
				6F80D246288A43A300C1955E /* LabelAlarmView.swift */,
				6F80D247288A43A300C1955E /* SoundAlarmView */,
			);
			path = CRUDAlarm;
			sourceTree = "<group>";
		};
		6F80D247288A43A300C1955E /* SoundAlarmView */ = {
			isa = PBXGroup;
			children = (
				6F80D249288A43A300C1955E /* SoundAlarmView.swift */,
				6F80D248288A43A300C1955E /* ClassicSoundAlarmView.swift */,
				6F80D24A288A43A300C1955E /* VibrationAlarmView.swift */,
				6F80D24B288A43A300C1955E /* SongAlarmView.swift */,
			);
			path = SoundAlarmView;
			sourceTree = "<group>";
		};
		6FEEFA9D288A45000055CD00 /* App */ = {
			isa = PBXGroup;
			children = (
				6FEEFA9E288A450F0055CD00 /* Clock_App.swift */,
				6FEEFAA0288A45390055CD00 /* AppDelegate.swift */,
			);
			path = App;
			sourceTree = "<group>";
		};
/* End PBXGroup section */

/* Begin PBXNativeTarget section */
		6F710CE92812965E0058AE66 /* Clock App */ = {
			isa = PBXNativeTarget;
			buildConfigurationList = 6F710CFD281296600058AE66 /* Build configuration list for PBXNativeTarget "Clock App" */;
			buildPhases = (
				6F710CE62812965E0058AE66 /* Sources */,
				6F710CE72812965E0058AE66 /* Frameworks */,
				6F710CE82812965E0058AE66 /* Resources */,
			);
			buildRules = (
			);
			dependencies = (
			);
			name = "Clock App";
			productName = "Clock App";
			productReference = 6F710CEA2812965E0058AE66 /* Clock App.app */;
			productType = "com.apple.product-type.application";
		};
/* End PBXNativeTarget section */

/* Begin PBXProject section */
		6F710CE22812965E0058AE66 /* Project object */ = {
			isa = PBXProject;
			attributes = {
				BuildIndependentTargetsInParallel = 1;
				LastSwiftUpdateCheck = 1330;
				LastUpgradeCheck = 1330;
				TargetAttributes = {
					6F710CE92812965E0058AE66 = {
						CreatedOnToolsVersion = 13.3.1;
					};
				};
			};
			buildConfigurationList = 6F710CE52812965E0058AE66 /* Build configuration list for PBXProject "Clock App" */;
			compatibilityVersion = "Xcode 13.0";
			developmentRegion = en;
			hasScannedForEncodings = 0;
			knownRegions = (
				en,
				Base,
			);
			mainGroup = 6F710CE12812965E0058AE66;
			productRefGroup = 6F710CEB2812965E0058AE66 /* Products */;
			projectDirPath = "";
			projectRoot = "";
			targets = (
				6F710CE92812965E0058AE66 /* Clock App */,
			);
		};
/* End PBXProject section */

/* Begin PBXResourcesBuildPhase section */
		6F710CE82812965E0058AE66 /* Resources */ = {
			isa = PBXResourcesBuildPhase;
			buildActionMask = 2147483647;
			files = (
				6F012790288CE459000EB72A /* clock ticking.mp3 in Resources */,
				6F710CF5281296600058AE66 /* Preview Assets.xcassets in Resources */,
				6F012792288CE459000EB72A /* clock alarm2.mp3 in Resources */,
				6F01277B288CE459000EB72A /* emergency.mp3 in Resources */,
				6F01278B288CE459000EB72A /* futuristic.mp3 in Resources */,
				6F012782288CE459000EB72A /* german ambulance.mp3 in Resources */,
				6F012793288CE459000EB72A /* cinematic alarm.mp3 in Resources */,
				6F012794288CE459000EB72A /* off-hook.mp3 in Resources */,
				6F01277E288CE459000EB72A /* nuclear alarm.mp3 in Resources */,
				6F01278C288CE459000EB72A /* machine error.mp3 in Resources */,
				6F710CF2281296600058AE66 /* Assets.xcassets in Resources */,
				6F01277C288CE459000EB72A /* over simplified alarm.mp3 in Resources */,
				6F012791288CE459000EB72A /* police fire.mp3 in Resources */,
				6F012789288CE459000EB72A /* beep warning.mp3 in Resources */,
				6F01278E288CE459000EB72A /* clock alarm1.mp3 in Resources */,
				6F012786288CE459000EB72A /* destruct sequence.mp3 in Resources */,
				6F01278F288CE459000EB72A /* psycho.mp3 in Resources */,
				6F01277F288CE459000EB72A /* military alarm.mp3 in Resources */,
				6F012780288CE459000EB72A /* siren.mp3 in Resources */,
				6F012781288CE459000EB72A /* car or home.mp3 in Resources */,
				6F01278D288CE459000EB72A /* dark sitar.mp3 in Resources */,
				6F012783288CE459000EB72A /* smart phone vibration.mp3 in Resources */,
				6F012785288CE459000EB72A /* no3.mp3 in Resources */,
				6F012784288CE459000EB72A /* clock strick.mp3 in Resources */,
				6F01277D288CE459000EB72A /* tic-tac.mp3 in Resources */,
				6F01278A288CE459000EB72A /* clock short.mp3 in Resources */,
				6F012788288CE459000EB72A /* beep beep.mp3 in Resources */,
			);
			runOnlyForDeploymentPostprocessing = 0;
		};
/* End PBXResourcesBuildPhase section */

/* Begin PBXSourcesBuildPhase section */
		6F710CE62812965E0058AE66 /* Sources */ = {
			isa = PBXSourcesBuildPhase;
			buildActionMask = 2147483647;
			files = (
				6FEEFAA1288A45390055CD00 /* AppDelegate.swift in Sources */,
				6F80D266288A43A300C1955E /* LabelAlarmView.swift in Sources */,
				6F80D25E288A43A300C1955E /* TimerView.swift in Sources */,
				6F80D25B288A43A300C1955E /* ClassicSoundFooterView.swift in Sources */,
				6F80D26C288A43A300C1955E /* AlarmSettingView.swift in Sources */,
				6F80D256288A43A300C1955E /* AlarmViewModel.swift in Sources */,
				6F80D252288A43A300C1955E /* LocalNotificationManager.swift in Sources */,
				6F80D261288A43A300C1955E /* CustomTimerPickerView.swift in Sources */,
				6FAC41E7288B072600FD2A48 /* BackButtonModifier.swift in Sources */,
				6F80D269288A43A300C1955E /* VibrationAlarmView.swift in Sources */,
				6F80D25C288A43A300C1955E /* SoundFooterView.swift in Sources */,
				6F80D260288A43A300C1955E /* TimerDisplayView.swift in Sources */,
				6F80D268288A43A300C1955E /* SoundAlarmView.swift in Sources */,
				6F80D251288A43A300C1955E /* SoundPlayer.swift in Sources */,
				6F80D259288A43A300C1955E /* AlarmModel.swift in Sources */,
				6F80D264288A43A300C1955E /* BackgroundRingView.swift in Sources */,
				6F80D257288A43A300C1955E /* SoundModel.swift in Sources */,
				6F80D25F288A43A300C1955E /* TimerPickerView.swift in Sources */,
				6F80D258288A43A300C1955E /* TimerViewModel.swift in Sources */,
				6F80D26A288A43A300C1955E /* SongAlarmView.swift in Sources */,
				6F01275D288CE254000EB72A /* Main.xcdatamodeld in Sources */,
				6F80D263288A43A300C1955E /* TimerRIngView.swift in Sources */,
				6F80D267288A43A300C1955E /* ClassicSoundAlarmView.swift in Sources */,
				6F01275F288CE2D8000EB72A /* Persistance.swift in Sources */,
				6FEEFA9F288A450F0055CD00 /* Clock_App.swift in Sources */,
				6F80D26D288A43A300C1955E /* AlarmView.swift in Sources */,
				6F80D25A288A43A300C1955E /* TimerFooterView.swift in Sources */,
				6F80D265288A43A300C1955E /* RepeatAlarmView.swift in Sources */,
				6F80D26E288A43A300C1955E /* AlarmCellView.swift in Sources */,
				6F80D25D288A43A300C1955E /* TImerCenterView.swift in Sources */,
				6F80D26B288A43A300C1955E /* CRUDAlarmView.swift in Sources */,
				6F80D262288A43A300C1955E /* TimerHeaderView.swift in Sources */,
				6F80D255288A43A300C1955E /* SoundViewModel.swift in Sources */,
				6F80D250288A43A300C1955E /* Constants.swift in Sources */,
			);
			runOnlyForDeploymentPostprocessing = 0;
		};
/* End PBXSourcesBuildPhase section */

/* Begin XCBuildConfiguration section */
		6F710CFB281296600058AE66 /* Debug */ = {
			isa = XCBuildConfiguration;
			buildSettings = {
				ALWAYS_SEARCH_USER_PATHS = NO;
				CLANG_ANALYZER_NONNULL = YES;
				CLANG_ANALYZER_NUMBER_OBJECT_CONVERSION = YES_AGGRESSIVE;
				CLANG_CXX_LANGUAGE_STANDARD = "gnu++17";
				CLANG_ENABLE_MODULES = YES;
				CLANG_ENABLE_OBJC_ARC = YES;
				CLANG_ENABLE_OBJC_WEAK = YES;
				CLANG_WARN_BLOCK_CAPTURE_AUTORELEASING = YES;
				CLANG_WARN_BOOL_CONVERSION = YES;
				CLANG_WARN_COMMA = YES;
				CLANG_WARN_CONSTANT_CONVERSION = YES;
				CLANG_WARN_DEPRECATED_OBJC_IMPLEMENTATIONS = YES;
				CLANG_WARN_DIRECT_OBJC_ISA_USAGE = YES_ERROR;
				CLANG_WARN_DOCUMENTATION_COMMENTS = YES;
				CLANG_WARN_EMPTY_BODY = YES;
				CLANG_WARN_ENUM_CONVERSION = YES;
				CLANG_WARN_INFINITE_RECURSION = YES;
				CLANG_WARN_INT_CONVERSION = YES;
				CLANG_WARN_NON_LITERAL_NULL_CONVERSION = YES;
				CLANG_WARN_OBJC_IMPLICIT_RETAIN_SELF = YES;
				CLANG_WARN_OBJC_LITERAL_CONVERSION = YES;
				CLANG_WARN_OBJC_ROOT_CLASS = YES_ERROR;
				CLANG_WARN_QUOTED_INCLUDE_IN_FRAMEWORK_HEADER = YES;
				CLANG_WARN_RANGE_LOOP_ANALYSIS = YES;
				CLANG_WARN_STRICT_PROTOTYPES = YES;
				CLANG_WARN_SUSPICIOUS_MOVE = YES;
				CLANG_WARN_UNGUARDED_AVAILABILITY = YES_AGGRESSIVE;
				CLANG_WARN_UNREACHABLE_CODE = YES;
				CLANG_WARN__DUPLICATE_METHOD_MATCH = YES;
				COPY_PHASE_STRIP = NO;
				DEBUG_INFORMATION_FORMAT = dwarf;
				ENABLE_STRICT_OBJC_MSGSEND = YES;
				ENABLE_TESTABILITY = YES;
				GCC_C_LANGUAGE_STANDARD = gnu11;
				GCC_DYNAMIC_NO_PIC = NO;
				GCC_NO_COMMON_BLOCKS = YES;
				GCC_OPTIMIZATION_LEVEL = 0;
				GCC_PREPROCESSOR_DEFINITIONS = (
					"DEBUG=1",
					"$(inherited)",
				);
				GCC_WARN_64_TO_32_BIT_CONVERSION = YES;
				GCC_WARN_ABOUT_RETURN_TYPE = YES_ERROR;
				GCC_WARN_UNDECLARED_SELECTOR = YES;
				GCC_WARN_UNINITIALIZED_AUTOS = YES_AGGRESSIVE;
				GCC_WARN_UNUSED_FUNCTION = YES;
				GCC_WARN_UNUSED_VARIABLE = YES;
				IPHONEOS_DEPLOYMENT_TARGET = 15.4;
				MTL_ENABLE_DEBUG_INFO = INCLUDE_SOURCE;
				MTL_FAST_MATH = YES;
				ONLY_ACTIVE_ARCH = YES;
				SDKROOT = iphoneos;
				SWIFT_ACTIVE_COMPILATION_CONDITIONS = DEBUG;
				SWIFT_OPTIMIZATION_LEVEL = "-Onone";
			};
			name = Debug;
		};
		6F710CFC281296600058AE66 /* Release */ = {
			isa = XCBuildConfiguration;
			buildSettings = {
				ALWAYS_SEARCH_USER_PATHS = NO;
				CLANG_ANALYZER_NONNULL = YES;
				CLANG_ANALYZER_NUMBER_OBJECT_CONVERSION = YES_AGGRESSIVE;
				CLANG_CXX_LANGUAGE_STANDARD = "gnu++17";
				CLANG_ENABLE_MODULES = YES;
				CLANG_ENABLE_OBJC_ARC = YES;
				CLANG_ENABLE_OBJC_WEAK = YES;
				CLANG_WARN_BLOCK_CAPTURE_AUTORELEASING = YES;
				CLANG_WARN_BOOL_CONVERSION = YES;
				CLANG_WARN_COMMA = YES;
				CLANG_WARN_CONSTANT_CONVERSION = YES;
				CLANG_WARN_DEPRECATED_OBJC_IMPLEMENTATIONS = YES;
				CLANG_WARN_DIRECT_OBJC_ISA_USAGE = YES_ERROR;
				CLANG_WARN_DOCUMENTATION_COMMENTS = YES;
				CLANG_WARN_EMPTY_BODY = YES;
				CLANG_WARN_ENUM_CONVERSION = YES;
				CLANG_WARN_INFINITE_RECURSION = YES;
				CLANG_WARN_INT_CONVERSION = YES;
				CLANG_WARN_NON_LITERAL_NULL_CONVERSION = YES;
				CLANG_WARN_OBJC_IMPLICIT_RETAIN_SELF = YES;
				CLANG_WARN_OBJC_LITERAL_CONVERSION = YES;
				CLANG_WARN_OBJC_ROOT_CLASS = YES_ERROR;
				CLANG_WARN_QUOTED_INCLUDE_IN_FRAMEWORK_HEADER = YES;
				CLANG_WARN_RANGE_LOOP_ANALYSIS = YES;
				CLANG_WARN_STRICT_PROTOTYPES = YES;
				CLANG_WARN_SUSPICIOUS_MOVE = YES;
				CLANG_WARN_UNGUARDED_AVAILABILITY = YES_AGGRESSIVE;
				CLANG_WARN_UNREACHABLE_CODE = YES;
				CLANG_WARN__DUPLICATE_METHOD_MATCH = YES;
				COPY_PHASE_STRIP = NO;
				DEBUG_INFORMATION_FORMAT = "dwarf-with-dsym";
				ENABLE_NS_ASSERTIONS = NO;
				ENABLE_STRICT_OBJC_MSGSEND = YES;
				GCC_C_LANGUAGE_STANDARD = gnu11;
				GCC_NO_COMMON_BLOCKS = YES;
				GCC_WARN_64_TO_32_BIT_CONVERSION = YES;
				GCC_WARN_ABOUT_RETURN_TYPE = YES_ERROR;
				GCC_WARN_UNDECLARED_SELECTOR = YES;
				GCC_WARN_UNINITIALIZED_AUTOS = YES_AGGRESSIVE;
				GCC_WARN_UNUSED_FUNCTION = YES;
				GCC_WARN_UNUSED_VARIABLE = YES;
				IPHONEOS_DEPLOYMENT_TARGET = 15.4;
				MTL_ENABLE_DEBUG_INFO = NO;
				MTL_FAST_MATH = YES;
				SDKROOT = iphoneos;
				SWIFT_COMPILATION_MODE = wholemodule;
				SWIFT_OPTIMIZATION_LEVEL = "-O";
				VALIDATE_PRODUCT = YES;
			};
			name = Release;
		};
		6F710CFE281296600058AE66 /* Debug */ = {
			isa = XCBuildConfiguration;
			buildSettings = {
				ASSETCATALOG_COMPILER_APPICON_NAME = AppIcon;
				ASSETCATALOG_COMPILER_GLOBAL_ACCENT_COLOR_NAME = AccentColor;
				CODE_SIGN_STYLE = Automatic;
				CURRENT_PROJECT_VERSION = 1;
				DEVELOPMENT_ASSET_PATHS = "\"Clock App/Preview Content\"";
				DEVELOPMENT_TEAM = WPL7Q42L8U;
				ENABLE_PREVIEWS = YES;
				GENERATE_INFOPLIST_FILE = YES;
				INFOPLIST_KEY_UIApplicationSceneManifest_Generation = YES;
				INFOPLIST_KEY_UIApplicationSupportsIndirectInputEvents = YES;
				INFOPLIST_KEY_UILaunchScreen_Generation = YES;
				INFOPLIST_KEY_UISupportedInterfaceOrientations_iPad = "UIInterfaceOrientationPortrait UIInterfaceOrientationPortraitUpsideDown UIInterfaceOrientationLandscapeLeft UIInterfaceOrientationLandscapeRight";
				INFOPLIST_KEY_UISupportedInterfaceOrientations_iPhone = "UIInterfaceOrientationPortrait UIInterfaceOrientationLandscapeLeft UIInterfaceOrientationLandscapeRight";
				INFOPLIST_KEY_UIUserInterfaceStyle = Dark;
				LD_RUNPATH_SEARCH_PATHS = (
					"$(inherited)",
					"@executable_path/Frameworks",
				);
				MARKETING_VERSION = 1.0;
				PRODUCT_BUNDLE_IDENTIFIER = "com.skh.Clock-App";
				PRODUCT_NAME = "$(TARGET_NAME)";
				SWIFT_EMIT_LOC_STRINGS = YES;
				SWIFT_VERSION = 5.0;
				TARGETED_DEVICE_FAMILY = "1,2";
			};
			name = Debug;
		};
		6F710CFF281296600058AE66 /* Release */ = {
			isa = XCBuildConfiguration;
			buildSettings = {
				ASSETCATALOG_COMPILER_APPICON_NAME = AppIcon;
				ASSETCATALOG_COMPILER_GLOBAL_ACCENT_COLOR_NAME = AccentColor;
				CODE_SIGN_STYLE = Automatic;
				CURRENT_PROJECT_VERSION = 1;
				DEVELOPMENT_ASSET_PATHS = "\"Clock App/Preview Content\"";
				DEVELOPMENT_TEAM = WPL7Q42L8U;
				ENABLE_PREVIEWS = YES;
				GENERATE_INFOPLIST_FILE = YES;
				INFOPLIST_KEY_UIApplicationSceneManifest_Generation = YES;
				INFOPLIST_KEY_UIApplicationSupportsIndirectInputEvents = YES;
				INFOPLIST_KEY_UILaunchScreen_Generation = YES;
				INFOPLIST_KEY_UISupportedInterfaceOrientations_iPad = "UIInterfaceOrientationPortrait UIInterfaceOrientationPortraitUpsideDown UIInterfaceOrientationLandscapeLeft UIInterfaceOrientationLandscapeRight";
				INFOPLIST_KEY_UISupportedInterfaceOrientations_iPhone = "UIInterfaceOrientationPortrait UIInterfaceOrientationLandscapeLeft UIInterfaceOrientationLandscapeRight";
				INFOPLIST_KEY_UIUserInterfaceStyle = Dark;
				LD_RUNPATH_SEARCH_PATHS = (
					"$(inherited)",
					"@executable_path/Frameworks",
				);
				MARKETING_VERSION = 1.0;
				PRODUCT_BUNDLE_IDENTIFIER = "com.skh.Clock-App";
				PRODUCT_NAME = "$(TARGET_NAME)";
				SWIFT_EMIT_LOC_STRINGS = YES;
				SWIFT_VERSION = 5.0;
				TARGETED_DEVICE_FAMILY = "1,2";
			};
			name = Release;
		};
/* End XCBuildConfiguration section */

/* Begin XCConfigurationList section */
		6F710CE52812965E0058AE66 /* Build configuration list for PBXProject "Clock App" */ = {
			isa = XCConfigurationList;
			buildConfigurations = (
				6F710CFB281296600058AE66 /* Debug */,
				6F710CFC281296600058AE66 /* Release */,
			);
			defaultConfigurationIsVisible = 0;
			defaultConfigurationName = Release;
		};
		6F710CFD281296600058AE66 /* Build configuration list for PBXNativeTarget "Clock App" */ = {
			isa = XCConfigurationList;
			buildConfigurations = (
				6F710CFE281296600058AE66 /* Debug */,
				6F710CFF281296600058AE66 /* Release */,
			);
			defaultConfigurationIsVisible = 0;
			defaultConfigurationName = Release;
		};
/* End XCConfigurationList section */

/* Begin XCVersionGroup section */
		6F01275B288CE254000EB72A /* Main.xcdatamodeld */ = {
			isa = XCVersionGroup;
			children = (
				6F01275C288CE254000EB72A /* Model.xcdatamodel */,
			);
			currentVersion = 6F01275C288CE254000EB72A /* Model.xcdatamodel */;
			path = Main.xcdatamodeld;
			sourceTree = "<group>";
			versionGroupType = wrapper.xcdatamodel;
		};
/* End XCVersionGroup section */
	};
	rootObject = 6F710CE22812965E0058AE66 /* Project object */;
}
