// !$*UTF8*$!
{
	archiveVersion = 1;
	classes = {
	};
	objectVersion = 55;
	objects = {

/* Begin PBXBuildFile section */
		6F17B32F287B1A5800682CD5 /* CRUDAlarmView.swift in Sources */ = {isa = PBXBuildFile; fileRef = 6F17B32E287B1A5700682CD5 /* CRUDAlarmView.swift */; };
		6F17B331287B263200682CD5 /* AlarmCellView.swift in Sources */ = {isa = PBXBuildFile; fileRef = 6F17B330287B263200682CD5 /* AlarmCellView.swift */; };
		6F17B334287B353000682CD5 /* RepeatAlarmView.swift in Sources */ = {isa = PBXBuildFile; fileRef = 6F17B333287B353000682CD5 /* RepeatAlarmView.swift */; };
		6F17B336287B358E00682CD5 /* AlarmPeriodEnum.swift in Sources */ = {isa = PBXBuildFile; fileRef = 6F17B335287B358E00682CD5 /* AlarmPeriodEnum.swift */; };
		6F17B33A287B373600682CD5 /* LabelAlarmView.swift in Sources */ = {isa = PBXBuildFile; fileRef = 6F17B339287B373600682CD5 /* LabelAlarmView.swift */; };
		6F2AFEC5281CF30F007305DB /* BackgroundRingView.swift in Sources */ = {isa = PBXBuildFile; fileRef = 6F2AFEC4281CF30F007305DB /* BackgroundRingView.swift */; };
		6F5B7C7B2878088A00BDC929 /* AlarmView.swift in Sources */ = {isa = PBXBuildFile; fileRef = 6F5B7C7A2878088A00BDC929 /* AlarmView.swift */; };
		6F5B7C7D287815B300BDC929 /* AlarmSettingView.swift in Sources */ = {isa = PBXBuildFile; fileRef = 6F5B7C7C287815B300BDC929 /* AlarmSettingView.swift */; };
		6F710CEE2812965E0058AE66 /* Clock_AppApp.swift in Sources */ = {isa = PBXBuildFile; fileRef = 6F710CED2812965E0058AE66 /* Clock_AppApp.swift */; };
		6F710CF02812965E0058AE66 /* TimerView.swift in Sources */ = {isa = PBXBuildFile; fileRef = 6F710CEF2812965E0058AE66 /* TimerView.swift */; };
		6F710CF2281296600058AE66 /* Assets.xcassets in Resources */ = {isa = PBXBuildFile; fileRef = 6F710CF1281296600058AE66 /* Assets.xcassets */; };
		6F710CF5281296600058AE66 /* Preview Assets.xcassets in Resources */ = {isa = PBXBuildFile; fileRef = 6F710CF4281296600058AE66 /* Preview Assets.xcassets */; };
		6F710CF7281296600058AE66 /* Persistence.swift in Sources */ = {isa = PBXBuildFile; fileRef = 6F710CF6281296600058AE66 /* Persistence.swift */; };
		6F710CFA281296600058AE66 /* Clock_App.xcdatamodeld in Sources */ = {isa = PBXBuildFile; fileRef = 6F710CF8281296600058AE66 /* Clock_App.xcdatamodeld */; };
		6F798908282CF0960086E789 /* CustomTimerPickerView.swift in Sources */ = {isa = PBXBuildFile; fileRef = 6F798907282CF0960086E789 /* CustomTimerPickerView.swift */; };
		6FAC50EF281C3C2D00FA6F2B /* ClassicSoundFooterView.swift in Sources */ = {isa = PBXBuildFile; fileRef = 6FAC50EE281C3C2D00FA6F2B /* ClassicSoundFooterView.swift */; };
		6FAC5109281C41D000FA6F2B /* mixkit-warning-alarm-buzzer-991.wav in Resources */ = {isa = PBXBuildFile; fileRef = 6FAC50F1281C41CE00FA6F2B /* mixkit-warning-alarm-buzzer-991.wav */; };
		6FAC510A281C41D000FA6F2B /* mixkit-emergency-alert-alarm-1007.wav in Resources */ = {isa = PBXBuildFile; fileRef = 6FAC50F2281C41CE00FA6F2B /* mixkit-emergency-alert-alarm-1007.wav */; };
		6FAC510B281C41D000FA6F2B /* mixkit-sound-alert-in-hall-1006.wav in Resources */ = {isa = PBXBuildFile; fileRef = 6FAC50F3281C41CE00FA6F2B /* mixkit-sound-alert-in-hall-1006.wav */; };
		6FAC510C281C41D000FA6F2B /* mixkit-facility-alarm-908.wav in Resources */ = {isa = PBXBuildFile; fileRef = 6FAC50F4281C41CE00FA6F2B /* mixkit-facility-alarm-908.wav */; };
		6FAC510D281C41D000FA6F2B /* mixkit-alert-alarm-1005.wav in Resources */ = {isa = PBXBuildFile; fileRef = 6FAC50F5281C41CE00FA6F2B /* mixkit-alert-alarm-1005.wav */; };
		6FAC510E281C41D000FA6F2B /* mixkit-classic-short-alarm-993.wav in Resources */ = {isa = PBXBuildFile; fileRef = 6FAC50F6281C41CE00FA6F2B /* mixkit-classic-short-alarm-993.wav */; };
		6FAC510F281C41D000FA6F2B /* mixkit-critical-alarm-1004.wav in Resources */ = {isa = PBXBuildFile; fileRef = 6FAC50F7281C41CE00FA6F2B /* mixkit-critical-alarm-1004.wav */; };
		6FAC5110281C41D000FA6F2B /* mixkit-classic-alarm-995.wav in Resources */ = {isa = PBXBuildFile; fileRef = 6FAC50F8281C41CE00FA6F2B /* mixkit-classic-alarm-995.wav */; };
		6FAC5111281C41D000FA6F2B /* mixkit-game-notification-wave-alarm-987.wav in Resources */ = {isa = PBXBuildFile; fileRef = 6FAC50F9281C41CE00FA6F2B /* mixkit-game-notification-wave-alarm-987.wav */; };
		6FAC5112281C41D000FA6F2B /* mixkit-facility-alarm-sound-999.wav in Resources */ = {isa = PBXBuildFile; fileRef = 6FAC50FA281C41CE00FA6F2B /* mixkit-facility-alarm-sound-999.wav */; };
		6FAC5113281C41D000FA6F2B /* mixkit-interface-hint-notification-911.wav in Resources */ = {isa = PBXBuildFile; fileRef = 6FAC50FB281C41CE00FA6F2B /* mixkit-interface-hint-notification-911.wav */; };
		6FAC5114281C41D000FA6F2B /* mixkit-security-facility-breach-alarm-994.wav in Resources */ = {isa = PBXBuildFile; fileRef = 6FAC50FC281C41CE00FA6F2B /* mixkit-security-facility-breach-alarm-994.wav */; };
		6FAC5115281C41D000FA6F2B /* mixkit-space-shooter-alarm-1002.wav in Resources */ = {isa = PBXBuildFile; fileRef = 6FAC50FD281C41CE00FA6F2B /* mixkit-space-shooter-alarm-1002.wav */; };
		6FAC5116281C41D000FA6F2B /* mixkit-alarm-tone-996.wav in Resources */ = {isa = PBXBuildFile; fileRef = 6FAC50FE281C41CF00FA6F2B /* mixkit-alarm-tone-996.wav */; };
		6FAC5117281C41D000FA6F2B /* mixkit-street-public-alarm-997.wav in Resources */ = {isa = PBXBuildFile; fileRef = 6FAC50FF281C41CF00FA6F2B /* mixkit-street-public-alarm-997.wav */; };
		6FAC5118281C41D000FA6F2B /* mixkit-alarm-clock-beep-988.wav in Resources */ = {isa = PBXBuildFile; fileRef = 6FAC5100281C41CF00FA6F2B /* mixkit-alarm-clock-beep-988.wav */; };
		6FAC5119281C41D000FA6F2B /* mixkit-battleship-alarm-1001.wav in Resources */ = {isa = PBXBuildFile; fileRef = 6FAC5101281C41CF00FA6F2B /* mixkit-battleship-alarm-1001.wav */; };
		6FAC511A281C41D000FA6F2B /* mixkit-retro-game-emergency-alarm-1000.wav in Resources */ = {isa = PBXBuildFile; fileRef = 6FAC5102281C41CF00FA6F2B /* mixkit-retro-game-emergency-alarm-1000.wav */; };
		6FAC511B281C41D000FA6F2B /* mixkit-alarm-digital-clock-beep-989.wav in Resources */ = {isa = PBXBuildFile; fileRef = 6FAC5103281C41CF00FA6F2B /* mixkit-alarm-digital-clock-beep-989.wav */; };
		6FAC511C281C41D000FA6F2B /* mixkit-digital-clock-digital-alarm-buzzer-992.wav in Resources */ = {isa = PBXBuildFile; fileRef = 6FAC5104281C41CF00FA6F2B /* mixkit-digital-clock-digital-alarm-buzzer-992.wav */; };
		6FAC511D281C41D000FA6F2B /* mixkit-morning-clock-alarm-1003.wav in Resources */ = {isa = PBXBuildFile; fileRef = 6FAC5105281C41CF00FA6F2B /* mixkit-morning-clock-alarm-1003.wav */; };
		6FAC511E281C41D000FA6F2B /* mixkit-spaceship-alarm-998.wav in Resources */ = {isa = PBXBuildFile; fileRef = 6FAC5106281C41CF00FA6F2B /* mixkit-spaceship-alarm-998.wav */; };
		6FAC511F281C41D000FA6F2B /* mixkit-scanning-sci-fi-alarm-905.wav in Resources */ = {isa = PBXBuildFile; fileRef = 6FAC5107281C41D000FA6F2B /* mixkit-scanning-sci-fi-alarm-905.wav */; };
		6FAC5120281C41D000FA6F2B /* mixkit-vintage-warning-alarm-990.wav in Resources */ = {isa = PBXBuildFile; fileRef = 6FAC5108281C41D000FA6F2B /* mixkit-vintage-warning-alarm-990.wav */; };
		6FAC5122281C456400FA6F2B /* SoundPlayer.swift in Sources */ = {isa = PBXBuildFile; fileRef = 6FAC5121281C456400FA6F2B /* SoundPlayer.swift */; };
		6FD49E8A2813A62000A58385 /* Constants.swift in Sources */ = {isa = PBXBuildFile; fileRef = 6FD49E892813A62000A58385 /* Constants.swift */; };
		6FD49E8D2813AFA900A58385 /* TImerCenterView.swift in Sources */ = {isa = PBXBuildFile; fileRef = 6FD49E8C2813AFA900A58385 /* TImerCenterView.swift */; };
		6FD49E8F2813B1EC00A58385 /* TimerFooterView.swift in Sources */ = {isa = PBXBuildFile; fileRef = 6FD49E8E2813B1EC00A58385 /* TimerFooterView.swift */; };
		6FD49E912813B49100A58385 /* TimerHeaderView.swift in Sources */ = {isa = PBXBuildFile; fileRef = 6FD49E902813B49100A58385 /* TimerHeaderView.swift */; };
		6FD49E952813CA4800A58385 /* TimerPickerView.swift in Sources */ = {isa = PBXBuildFile; fileRef = 6FD49E942813CA4800A58385 /* TimerPickerView.swift */; };
		6FD49E99281675E200A58385 /* TimerDisplayView.swift in Sources */ = {isa = PBXBuildFile; fileRef = 6FD49E98281675E200A58385 /* TimerDisplayView.swift */; };
		6FD49E9D2816B20C00A58385 /* TimerControlModel.swift in Sources */ = {isa = PBXBuildFile; fileRef = 6FD49E9C2816B20C00A58385 /* TimerControlModel.swift */; };
		6FD49EA02816CBE600A58385 /* TimerRIngView.swift in Sources */ = {isa = PBXBuildFile; fileRef = 6FD49E9F2816CBE600A58385 /* TimerRIngView.swift */; };
		6FD49EA42816D93300A58385 /* SoundFooterView.swift in Sources */ = {isa = PBXBuildFile; fileRef = 6FD49EA32816D93300A58385 /* SoundFooterView.swift */; };
		6FD49EA72816DCF000A58385 /* SoundData.swift in Sources */ = {isa = PBXBuildFile; fileRef = 6FD49EA62816DCF000A58385 /* SoundData.swift */; };
		6FD49EA92816E32300A58385 /* SoundControlModel.swift in Sources */ = {isa = PBXBuildFile; fileRef = 6FD49EA82816E32300A58385 /* SoundControlModel.swift */; };
		6FE13A1A281BD62800411A3F /* TimerModel.swift in Sources */ = {isa = PBXBuildFile; fileRef = 6FE13A19281BD62800411A3F /* TimerModel.swift */; };
		6FE13A1C281BD96F00411A3F /* LocalNotificationManager.swift in Sources */ = {isa = PBXBuildFile; fileRef = 6FE13A1B281BD96F00411A3F /* LocalNotificationManager.swift */; };
		6FE13A1E281BDCC500411A3F /* AppDelegate.swift in Sources */ = {isa = PBXBuildFile; fileRef = 6FE13A1D281BDCC500411A3F /* AppDelegate.swift */; };
/* End PBXBuildFile section */

/* Begin PBXFileReference section */
		6F17B32E287B1A5700682CD5 /* CRUDAlarmView.swift */ = {isa = PBXFileReference; lastKnownFileType = sourcecode.swift; path = CRUDAlarmView.swift; sourceTree = "<group>"; };
		6F17B330287B263200682CD5 /* AlarmCellView.swift */ = {isa = PBXFileReference; lastKnownFileType = sourcecode.swift; path = AlarmCellView.swift; sourceTree = "<group>"; };
		6F17B333287B353000682CD5 /* RepeatAlarmView.swift */ = {isa = PBXFileReference; lastKnownFileType = sourcecode.swift; path = RepeatAlarmView.swift; sourceTree = "<group>"; };
		6F17B335287B358E00682CD5 /* AlarmPeriodEnum.swift */ = {isa = PBXFileReference; lastKnownFileType = sourcecode.swift; path = AlarmPeriodEnum.swift; sourceTree = "<group>"; };
		6F17B339287B373600682CD5 /* LabelAlarmView.swift */ = {isa = PBXFileReference; lastKnownFileType = sourcecode.swift; path = LabelAlarmView.swift; sourceTree = "<group>"; };
		6F2AFEC4281CF30F007305DB /* BackgroundRingView.swift */ = {isa = PBXFileReference; lastKnownFileType = sourcecode.swift; path = BackgroundRingView.swift; sourceTree = "<group>"; };
		6F5B7C7A2878088A00BDC929 /* AlarmView.swift */ = {isa = PBXFileReference; lastKnownFileType = sourcecode.swift; path = AlarmView.swift; sourceTree = "<group>"; };
		6F5B7C7C287815B300BDC929 /* AlarmSettingView.swift */ = {isa = PBXFileReference; lastKnownFileType = sourcecode.swift; path = AlarmSettingView.swift; sourceTree = "<group>"; };
		6F710CEA2812965E0058AE66 /* Clock App.app */ = {isa = PBXFileReference; explicitFileType = wrapper.application; includeInIndex = 0; path = "Clock App.app"; sourceTree = BUILT_PRODUCTS_DIR; };
		6F710CED2812965E0058AE66 /* Clock_AppApp.swift */ = {isa = PBXFileReference; lastKnownFileType = sourcecode.swift; path = Clock_AppApp.swift; sourceTree = "<group>"; };
		6F710CEF2812965E0058AE66 /* TimerView.swift */ = {isa = PBXFileReference; lastKnownFileType = sourcecode.swift; path = TimerView.swift; sourceTree = "<group>"; };
		6F710CF1281296600058AE66 /* Assets.xcassets */ = {isa = PBXFileReference; lastKnownFileType = folder.assetcatalog; path = Assets.xcassets; sourceTree = "<group>"; };
		6F710CF4281296600058AE66 /* Preview Assets.xcassets */ = {isa = PBXFileReference; lastKnownFileType = folder.assetcatalog; path = "Preview Assets.xcassets"; sourceTree = "<group>"; };
		6F710CF6281296600058AE66 /* Persistence.swift */ = {isa = PBXFileReference; lastKnownFileType = sourcecode.swift; path = Persistence.swift; sourceTree = "<group>"; };
		6F710CF9281296600058AE66 /* Clock_App.xcdatamodel */ = {isa = PBXFileReference; lastKnownFileType = wrapper.xcdatamodel; path = Clock_App.xcdatamodel; sourceTree = "<group>"; };
		6F798907282CF0960086E789 /* CustomTimerPickerView.swift */ = {isa = PBXFileReference; lastKnownFileType = sourcecode.swift; path = CustomTimerPickerView.swift; sourceTree = "<group>"; };
		6FAC50EE281C3C2D00FA6F2B /* ClassicSoundFooterView.swift */ = {isa = PBXFileReference; lastKnownFileType = sourcecode.swift; path = ClassicSoundFooterView.swift; sourceTree = "<group>"; };
		6FAC50F1281C41CE00FA6F2B /* mixkit-warning-alarm-buzzer-991.wav */ = {isa = PBXFileReference; lastKnownFileType = audio.wav; path = "mixkit-warning-alarm-buzzer-991.wav"; sourceTree = "<group>"; };
		6FAC50F2281C41CE00FA6F2B /* mixkit-emergency-alert-alarm-1007.wav */ = {isa = PBXFileReference; lastKnownFileType = audio.wav; path = "mixkit-emergency-alert-alarm-1007.wav"; sourceTree = "<group>"; };
		6FAC50F3281C41CE00FA6F2B /* mixkit-sound-alert-in-hall-1006.wav */ = {isa = PBXFileReference; lastKnownFileType = audio.wav; path = "mixkit-sound-alert-in-hall-1006.wav"; sourceTree = "<group>"; };
		6FAC50F4281C41CE00FA6F2B /* mixkit-facility-alarm-908.wav */ = {isa = PBXFileReference; lastKnownFileType = audio.wav; path = "mixkit-facility-alarm-908.wav"; sourceTree = "<group>"; };
		6FAC50F5281C41CE00FA6F2B /* mixkit-alert-alarm-1005.wav */ = {isa = PBXFileReference; lastKnownFileType = audio.wav; path = "mixkit-alert-alarm-1005.wav"; sourceTree = "<group>"; };
		6FAC50F6281C41CE00FA6F2B /* mixkit-classic-short-alarm-993.wav */ = {isa = PBXFileReference; lastKnownFileType = audio.wav; path = "mixkit-classic-short-alarm-993.wav"; sourceTree = "<group>"; };
		6FAC50F7281C41CE00FA6F2B /* mixkit-critical-alarm-1004.wav */ = {isa = PBXFileReference; lastKnownFileType = audio.wav; path = "mixkit-critical-alarm-1004.wav"; sourceTree = "<group>"; };
		6FAC50F8281C41CE00FA6F2B /* mixkit-classic-alarm-995.wav */ = {isa = PBXFileReference; lastKnownFileType = audio.wav; path = "mixkit-classic-alarm-995.wav"; sourceTree = "<group>"; };
		6FAC50F9281C41CE00FA6F2B /* mixkit-game-notification-wave-alarm-987.wav */ = {isa = PBXFileReference; lastKnownFileType = audio.wav; path = "mixkit-game-notification-wave-alarm-987.wav"; sourceTree = "<group>"; };
		6FAC50FA281C41CE00FA6F2B /* mixkit-facility-alarm-sound-999.wav */ = {isa = PBXFileReference; lastKnownFileType = audio.wav; path = "mixkit-facility-alarm-sound-999.wav"; sourceTree = "<group>"; };
		6FAC50FB281C41CE00FA6F2B /* mixkit-interface-hint-notification-911.wav */ = {isa = PBXFileReference; lastKnownFileType = audio.wav; path = "mixkit-interface-hint-notification-911.wav"; sourceTree = "<group>"; };
		6FAC50FC281C41CE00FA6F2B /* mixkit-security-facility-breach-alarm-994.wav */ = {isa = PBXFileReference; lastKnownFileType = audio.wav; path = "mixkit-security-facility-breach-alarm-994.wav"; sourceTree = "<group>"; };
		6FAC50FD281C41CE00FA6F2B /* mixkit-space-shooter-alarm-1002.wav */ = {isa = PBXFileReference; lastKnownFileType = audio.wav; path = "mixkit-space-shooter-alarm-1002.wav"; sourceTree = "<group>"; };
		6FAC50FE281C41CF00FA6F2B /* mixkit-alarm-tone-996.wav */ = {isa = PBXFileReference; lastKnownFileType = audio.wav; path = "mixkit-alarm-tone-996.wav"; sourceTree = "<group>"; };
		6FAC50FF281C41CF00FA6F2B /* mixkit-street-public-alarm-997.wav */ = {isa = PBXFileReference; lastKnownFileType = audio.wav; path = "mixkit-street-public-alarm-997.wav"; sourceTree = "<group>"; };
		6FAC5100281C41CF00FA6F2B /* mixkit-alarm-clock-beep-988.wav */ = {isa = PBXFileReference; lastKnownFileType = audio.wav; path = "mixkit-alarm-clock-beep-988.wav"; sourceTree = "<group>"; };
		6FAC5101281C41CF00FA6F2B /* mixkit-battleship-alarm-1001.wav */ = {isa = PBXFileReference; lastKnownFileType = audio.wav; path = "mixkit-battleship-alarm-1001.wav"; sourceTree = "<group>"; };
		6FAC5102281C41CF00FA6F2B /* mixkit-retro-game-emergency-alarm-1000.wav */ = {isa = PBXFileReference; lastKnownFileType = audio.wav; path = "mixkit-retro-game-emergency-alarm-1000.wav"; sourceTree = "<group>"; };
		6FAC5103281C41CF00FA6F2B /* mixkit-alarm-digital-clock-beep-989.wav */ = {isa = PBXFileReference; lastKnownFileType = audio.wav; path = "mixkit-alarm-digital-clock-beep-989.wav"; sourceTree = "<group>"; };
		6FAC5104281C41CF00FA6F2B /* mixkit-digital-clock-digital-alarm-buzzer-992.wav */ = {isa = PBXFileReference; lastKnownFileType = audio.wav; path = "mixkit-digital-clock-digital-alarm-buzzer-992.wav"; sourceTree = "<group>"; };
		6FAC5105281C41CF00FA6F2B /* mixkit-morning-clock-alarm-1003.wav */ = {isa = PBXFileReference; lastKnownFileType = audio.wav; path = "mixkit-morning-clock-alarm-1003.wav"; sourceTree = "<group>"; };
		6FAC5106281C41CF00FA6F2B /* mixkit-spaceship-alarm-998.wav */ = {isa = PBXFileReference; lastKnownFileType = audio.wav; path = "mixkit-spaceship-alarm-998.wav"; sourceTree = "<group>"; };
		6FAC5107281C41D000FA6F2B /* mixkit-scanning-sci-fi-alarm-905.wav */ = {isa = PBXFileReference; lastKnownFileType = audio.wav; path = "mixkit-scanning-sci-fi-alarm-905.wav"; sourceTree = "<group>"; };
		6FAC5108281C41D000FA6F2B /* mixkit-vintage-warning-alarm-990.wav */ = {isa = PBXFileReference; lastKnownFileType = audio.wav; path = "mixkit-vintage-warning-alarm-990.wav"; sourceTree = "<group>"; };
		6FAC5121281C456400FA6F2B /* SoundPlayer.swift */ = {isa = PBXFileReference; lastKnownFileType = sourcecode.swift; path = SoundPlayer.swift; sourceTree = "<group>"; };
		6FD49E892813A62000A58385 /* Constants.swift */ = {isa = PBXFileReference; lastKnownFileType = sourcecode.swift; path = Constants.swift; sourceTree = "<group>"; };
		6FD49E8C2813AFA900A58385 /* TImerCenterView.swift */ = {isa = PBXFileReference; lastKnownFileType = sourcecode.swift; path = TImerCenterView.swift; sourceTree = "<group>"; };
		6FD49E8E2813B1EC00A58385 /* TimerFooterView.swift */ = {isa = PBXFileReference; lastKnownFileType = sourcecode.swift; path = TimerFooterView.swift; sourceTree = "<group>"; };
		6FD49E902813B49100A58385 /* TimerHeaderView.swift */ = {isa = PBXFileReference; lastKnownFileType = sourcecode.swift; path = TimerHeaderView.swift; sourceTree = "<group>"; };
		6FD49E942813CA4800A58385 /* TimerPickerView.swift */ = {isa = PBXFileReference; lastKnownFileType = sourcecode.swift; path = TimerPickerView.swift; sourceTree = "<group>"; };
		6FD49E98281675E200A58385 /* TimerDisplayView.swift */ = {isa = PBXFileReference; lastKnownFileType = sourcecode.swift; path = TimerDisplayView.swift; sourceTree = "<group>"; };
		6FD49E9C2816B20C00A58385 /* TimerControlModel.swift */ = {isa = PBXFileReference; lastKnownFileType = sourcecode.swift; path = TimerControlModel.swift; sourceTree = "<group>"; };
		6FD49E9F2816CBE600A58385 /* TimerRIngView.swift */ = {isa = PBXFileReference; lastKnownFileType = sourcecode.swift; path = TimerRIngView.swift; sourceTree = "<group>"; };
		6FD49EA32816D93300A58385 /* SoundFooterView.swift */ = {isa = PBXFileReference; lastKnownFileType = sourcecode.swift; path = SoundFooterView.swift; sourceTree = "<group>"; };
		6FD49EA62816DCF000A58385 /* SoundData.swift */ = {isa = PBXFileReference; lastKnownFileType = sourcecode.swift; path = SoundData.swift; sourceTree = "<group>"; };
		6FD49EA82816E32300A58385 /* SoundControlModel.swift */ = {isa = PBXFileReference; lastKnownFileType = sourcecode.swift; path = SoundControlModel.swift; sourceTree = "<group>"; };
		6FE13A19281BD62800411A3F /* TimerModel.swift */ = {isa = PBXFileReference; lastKnownFileType = sourcecode.swift; path = TimerModel.swift; sourceTree = "<group>"; };
		6FE13A1B281BD96F00411A3F /* LocalNotificationManager.swift */ = {isa = PBXFileReference; lastKnownFileType = sourcecode.swift; path = LocalNotificationManager.swift; sourceTree = "<group>"; };
		6FE13A1D281BDCC500411A3F /* AppDelegate.swift */ = {isa = PBXFileReference; lastKnownFileType = sourcecode.swift; path = AppDelegate.swift; sourceTree = "<group>"; };
/* End PBXFileReference section */

/* Begin PBXFrameworksBuildPhase section */
		6F710CE72812965E0058AE66 /* Frameworks */ = {
			isa = PBXFrameworksBuildPhase;
			buildActionMask = 2147483647;
			files = (
			);
			runOnlyForDeploymentPostprocessing = 0;
		};
/* End PBXFrameworksBuildPhase section */

/* Begin PBXGroup section */
		6F17B332287B34C500682CD5 /* AlarmSection */ = {
			isa = PBXGroup;
			children = (
				6F5B7C7A2878088A00BDC929 /* AlarmView.swift */,
				6F17B330287B263200682CD5 /* AlarmCellView.swift */,
				6F17B338287B372500682CD5 /* CRUDAlarm */,
				6F5B7C7C287815B300BDC929 /* AlarmSettingView.swift */,
			);
			path = AlarmSection;
			sourceTree = "<group>";
		};
		6F17B337287B363000682CD5 /* AlarmModel */ = {
			isa = PBXGroup;
			children = (
				6F17B335287B358E00682CD5 /* AlarmPeriodEnum.swift */,
			);
			path = AlarmModel;
			sourceTree = "<group>";
		};
		6F17B338287B372500682CD5 /* CRUDAlarm */ = {
			isa = PBXGroup;
			children = (
				6F17B32E287B1A5700682CD5 /* CRUDAlarmView.swift */,
				6F17B333287B353000682CD5 /* RepeatAlarmView.swift */,
				6F17B339287B373600682CD5 /* LabelAlarmView.swift */,
			);
			path = CRUDAlarm;
			sourceTree = "<group>";
		};
		6F2AFEC3281CF2ED007305DB /* App */ = {
			isa = PBXGroup;
			children = (
				6F710CED2812965E0058AE66 /* Clock_AppApp.swift */,
				6FE13A1D281BDCC500411A3F /* AppDelegate.swift */,
			);
			path = App;
			sourceTree = "<group>";
		};
		6F5B7C792878083D00BDC929 /* TimerSection */ = {
			isa = PBXGroup;
			children = (
				6F710CEF2812965E0058AE66 /* TimerView.swift */,
				6FD49EA12816D8F900A58385 /* Header */,
				6FD49EA22816D90900A58385 /* Center */,
				6FE13A20281BE02E00411A3F /* Footer */,
			);
			path = TimerSection;
			sourceTree = "<group>";
		};
		6F710CE12812965E0058AE66 = {
			isa = PBXGroup;
			children = (
				6F710CEC2812965E0058AE66 /* Clock App */,
				6F710CEB2812965E0058AE66 /* Products */,
			);
			sourceTree = "<group>";
		};
		6F710CEB2812965E0058AE66 /* Products */ = {
			isa = PBXGroup;
			children = (
				6F710CEA2812965E0058AE66 /* Clock App.app */,
			);
			name = Products;
			sourceTree = "<group>";
		};
		6F710CEC2812965E0058AE66 /* Clock App */ = {
			isa = PBXGroup;
			children = (
				6FAC50F0281C418A00FA6F2B /* Sound */,
				6F2AFEC3281CF2ED007305DB /* App */,
				6FD49E882813A61300A58385 /* Helpers */,
				6FD49E9E2816B21500A58385 /* Model */,
				6FD49E8B2813AA0900A58385 /* View */,
				6FD49E872813A5FF00A58385 /* Data */,
				6F710CF3281296600058AE66 /* Preview Content */,
				6F710CF1281296600058AE66 /* Assets.xcassets */,
			);
			path = "Clock App";
			sourceTree = "<group>";
		};
		6F710CF3281296600058AE66 /* Preview Content */ = {
			isa = PBXGroup;
			children = (
				6F710CF4281296600058AE66 /* Preview Assets.xcassets */,
			);
			path = "Preview Content";
			sourceTree = "<group>";
		};
		6FAC50F0281C418A00FA6F2B /* Sound */ = {
			isa = PBXGroup;
			children = (
				6FAC5100281C41CF00FA6F2B /* mixkit-alarm-clock-beep-988.wav */,
				6FAC5103281C41CF00FA6F2B /* mixkit-alarm-digital-clock-beep-989.wav */,
				6FAC50FE281C41CF00FA6F2B /* mixkit-alarm-tone-996.wav */,
				6FAC50F5281C41CE00FA6F2B /* mixkit-alert-alarm-1005.wav */,
				6FAC5101281C41CF00FA6F2B /* mixkit-battleship-alarm-1001.wav */,
				6FAC50F8281C41CE00FA6F2B /* mixkit-classic-alarm-995.wav */,
				6FAC50F6281C41CE00FA6F2B /* mixkit-classic-short-alarm-993.wav */,
				6FAC50F7281C41CE00FA6F2B /* mixkit-critical-alarm-1004.wav */,
				6FAC5104281C41CF00FA6F2B /* mixkit-digital-clock-digital-alarm-buzzer-992.wav */,
				6FAC50F2281C41CE00FA6F2B /* mixkit-emergency-alert-alarm-1007.wav */,
				6FAC50F4281C41CE00FA6F2B /* mixkit-facility-alarm-908.wav */,
				6FAC50FA281C41CE00FA6F2B /* mixkit-facility-alarm-sound-999.wav */,
				6FAC50F9281C41CE00FA6F2B /* mixkit-game-notification-wave-alarm-987.wav */,
				6FAC50FB281C41CE00FA6F2B /* mixkit-interface-hint-notification-911.wav */,
				6FAC5105281C41CF00FA6F2B /* mixkit-morning-clock-alarm-1003.wav */,
				6FAC5102281C41CF00FA6F2B /* mixkit-retro-game-emergency-alarm-1000.wav */,
				6FAC5107281C41D000FA6F2B /* mixkit-scanning-sci-fi-alarm-905.wav */,
				6FAC50FC281C41CE00FA6F2B /* mixkit-security-facility-breach-alarm-994.wav */,
				6FAC50F3281C41CE00FA6F2B /* mixkit-sound-alert-in-hall-1006.wav */,
				6FAC50FD281C41CE00FA6F2B /* mixkit-space-shooter-alarm-1002.wav */,
				6FAC5106281C41CF00FA6F2B /* mixkit-spaceship-alarm-998.wav */,
				6FAC50FF281C41CF00FA6F2B /* mixkit-street-public-alarm-997.wav */,
				6FAC5108281C41D000FA6F2B /* mixkit-vintage-warning-alarm-990.wav */,
				6FAC50F1281C41CE00FA6F2B /* mixkit-warning-alarm-buzzer-991.wav */,
			);
			path = Sound;
			sourceTree = "<group>";
		};
		6FD49E872813A5FF00A58385 /* Data */ = {
			isa = PBXGroup;
			children = (
				6F710CF6281296600058AE66 /* Persistence.swift */,
				6F710CF8281296600058AE66 /* Clock_App.xcdatamodeld */,
				6FD49EA62816DCF000A58385 /* SoundData.swift */,
			);
			path = Data;
			sourceTree = "<group>";
		};
		6FD49E882813A61300A58385 /* Helpers */ = {
			isa = PBXGroup;
			children = (
				6FD49E892813A62000A58385 /* Constants.swift */,
				6FE13A1B281BD96F00411A3F /* LocalNotificationManager.swift */,
				6FAC5121281C456400FA6F2B /* SoundPlayer.swift */,
			);
			path = Helpers;
			sourceTree = "<group>";
		};
		6FD49E8B2813AA0900A58385 /* View */ = {
			isa = PBXGroup;
			children = (
				6F5B7C792878083D00BDC929 /* TimerSection */,
				6F17B332287B34C500682CD5 /* AlarmSection */,
			);
			path = View;
			sourceTree = "<group>";
		};
		6FD49E9E2816B21500A58385 /* Model */ = {
			isa = PBXGroup;
			children = (
				6FE13A1F281BDF6600411A3F /* TimerModel */,
				6F17B337287B363000682CD5 /* AlarmModel */,
			);
			path = Model;
			sourceTree = "<group>";
		};
		6FD49EA12816D8F900A58385 /* Header */ = {
			isa = PBXGroup;
			children = (
				6FD49E902813B49100A58385 /* TimerHeaderView.swift */,
				6FD49E942813CA4800A58385 /* TimerPickerView.swift */,
				6FD49E98281675E200A58385 /* TimerDisplayView.swift */,
				6FD49E9F2816CBE600A58385 /* TimerRIngView.swift */,
				6F2AFEC4281CF30F007305DB /* BackgroundRingView.swift */,
				6F798907282CF0960086E789 /* CustomTimerPickerView.swift */,
			);
			path = Header;
			sourceTree = "<group>";
		};
		6FD49EA22816D90900A58385 /* Center */ = {
			isa = PBXGroup;
			children = (
				6FD49E8C2813AFA900A58385 /* TImerCenterView.swift */,
			);
			path = Center;
			sourceTree = "<group>";
		};
		6FE13A1F281BDF6600411A3F /* TimerModel */ = {
			isa = PBXGroup;
			children = (
				6FD49E9C2816B20C00A58385 /* TimerControlModel.swift */,
				6FD49EA82816E32300A58385 /* SoundControlModel.swift */,
				6FE13A19281BD62800411A3F /* TimerModel.swift */,
			);
			path = TimerModel;
			sourceTree = "<group>";
		};
		6FE13A20281BE02E00411A3F /* Footer */ = {
			isa = PBXGroup;
			children = (
				6FD49E8E2813B1EC00A58385 /* TimerFooterView.swift */,
				6FD49EA32816D93300A58385 /* SoundFooterView.swift */,
				6FAC50EE281C3C2D00FA6F2B /* ClassicSoundFooterView.swift */,
			);
			path = Footer;
			sourceTree = "<group>";
		};
/* End PBXGroup section */

/* Begin PBXNativeTarget section */
		6F710CE92812965E0058AE66 /* Clock App */ = {
			isa = PBXNativeTarget;
			buildConfigurationList = 6F710CFD281296600058AE66 /* Build configuration list for PBXNativeTarget "Clock App" */;
			buildPhases = (
				6F710CE62812965E0058AE66 /* Sources */,
				6F710CE72812965E0058AE66 /* Frameworks */,
				6F710CE82812965E0058AE66 /* Resources */,
			);
			buildRules = (
			);
			dependencies = (
			);
			name = "Clock App";
			productName = "Clock App";
			productReference = 6F710CEA2812965E0058AE66 /* Clock App.app */;
			productType = "com.apple.product-type.application";
		};
/* End PBXNativeTarget section */

/* Begin PBXProject section */
		6F710CE22812965E0058AE66 /* Project object */ = {
			isa = PBXProject;
			attributes = {
				BuildIndependentTargetsInParallel = 1;
				LastSwiftUpdateCheck = 1330;
				LastUpgradeCheck = 1330;
				TargetAttributes = {
					6F710CE92812965E0058AE66 = {
						CreatedOnToolsVersion = 13.3.1;
					};
				};
			};
			buildConfigurationList = 6F710CE52812965E0058AE66 /* Build configuration list for PBXProject "Clock App" */;
			compatibilityVersion = "Xcode 13.0";
			developmentRegion = en;
			hasScannedForEncodings = 0;
			knownRegions = (
				en,
				Base,
			);
			mainGroup = 6F710CE12812965E0058AE66;
			productRefGroup = 6F710CEB2812965E0058AE66 /* Products */;
			projectDirPath = "";
			projectRoot = "";
			targets = (
				6F710CE92812965E0058AE66 /* Clock App */,
			);
		};
/* End PBXProject section */

/* Begin PBXResourcesBuildPhase section */
		6F710CE82812965E0058AE66 /* Resources */ = {
			isa = PBXResourcesBuildPhase;
			buildActionMask = 2147483647;
			files = (
				6FAC510D281C41D000FA6F2B /* mixkit-alert-alarm-1005.wav in Resources */,
				6FAC5111281C41D000FA6F2B /* mixkit-game-notification-wave-alarm-987.wav in Resources */,
				6F710CF5281296600058AE66 /* Preview Assets.xcassets in Resources */,
				6FAC510C281C41D000FA6F2B /* mixkit-facility-alarm-908.wav in Resources */,
				6F710CF2281296600058AE66 /* Assets.xcassets in Resources */,
				6FAC511F281C41D000FA6F2B /* mixkit-scanning-sci-fi-alarm-905.wav in Resources */,
				6FAC5114281C41D000FA6F2B /* mixkit-security-facility-breach-alarm-994.wav in Resources */,
				6FAC510E281C41D000FA6F2B /* mixkit-classic-short-alarm-993.wav in Resources */,
				6FAC5110281C41D000FA6F2B /* mixkit-classic-alarm-995.wav in Resources */,
				6FAC5117281C41D000FA6F2B /* mixkit-street-public-alarm-997.wav in Resources */,
				6FAC5112281C41D000FA6F2B /* mixkit-facility-alarm-sound-999.wav in Resources */,
				6FAC5120281C41D000FA6F2B /* mixkit-vintage-warning-alarm-990.wav in Resources */,
				6FAC5109281C41D000FA6F2B /* mixkit-warning-alarm-buzzer-991.wav in Resources */,
				6FAC511D281C41D000FA6F2B /* mixkit-morning-clock-alarm-1003.wav in Resources */,
				6FAC5118281C41D000FA6F2B /* mixkit-alarm-clock-beep-988.wav in Resources */,
				6FAC510A281C41D000FA6F2B /* mixkit-emergency-alert-alarm-1007.wav in Resources */,
				6FAC5115281C41D000FA6F2B /* mixkit-space-shooter-alarm-1002.wav in Resources */,
				6FAC511C281C41D000FA6F2B /* mixkit-digital-clock-digital-alarm-buzzer-992.wav in Resources */,
				6FAC5119281C41D000FA6F2B /* mixkit-battleship-alarm-1001.wav in Resources */,
				6FAC510F281C41D000FA6F2B /* mixkit-critical-alarm-1004.wav in Resources */,
				6FAC511A281C41D000FA6F2B /* mixkit-retro-game-emergency-alarm-1000.wav in Resources */,
				6FAC5116281C41D000FA6F2B /* mixkit-alarm-tone-996.wav in Resources */,
				6FAC510B281C41D000FA6F2B /* mixkit-sound-alert-in-hall-1006.wav in Resources */,
				6FAC5113281C41D000FA6F2B /* mixkit-interface-hint-notification-911.wav in Resources */,
				6FAC511E281C41D000FA6F2B /* mixkit-spaceship-alarm-998.wav in Resources */,
				6FAC511B281C41D000FA6F2B /* mixkit-alarm-digital-clock-beep-989.wav in Resources */,
			);
			runOnlyForDeploymentPostprocessing = 0;
		};
/* End PBXResourcesBuildPhase section */

/* Begin PBXSourcesBuildPhase section */
		6F710CE62812965E0058AE66 /* Sources */ = {
			isa = PBXSourcesBuildPhase;
			buildActionMask = 2147483647;
			files = (
				6F17B331287B263200682CD5 /* AlarmCellView.swift in Sources */,
				6FD49EA92816E32300A58385 /* SoundControlModel.swift in Sources */,
				6FD49E952813CA4800A58385 /* TimerPickerView.swift in Sources */,
				6F17B32F287B1A5800682CD5 /* CRUDAlarmView.swift in Sources */,
				6FE13A1C281BD96F00411A3F /* LocalNotificationManager.swift in Sources */,
				6FD49E8A2813A62000A58385 /* Constants.swift in Sources */,
				6F2AFEC5281CF30F007305DB /* BackgroundRingView.swift in Sources */,
				6FD49EA02816CBE600A58385 /* TimerRIngView.swift in Sources */,
				6F17B33A287B373600682CD5 /* LabelAlarmView.swift in Sources */,
				6F5B7C7B2878088A00BDC929 /* AlarmView.swift in Sources */,
				6FD49E99281675E200A58385 /* TimerDisplayView.swift in Sources */,
				6FD49E8F2813B1EC00A58385 /* TimerFooterView.swift in Sources */,
				6FD49EA42816D93300A58385 /* SoundFooterView.swift in Sources */,
				6F17B334287B353000682CD5 /* RepeatAlarmView.swift in Sources */,
				6FD49E8D2813AFA900A58385 /* TImerCenterView.swift in Sources */,
				6F710CF7281296600058AE66 /* Persistence.swift in Sources */,
				6FAC5122281C456400FA6F2B /* SoundPlayer.swift in Sources */,
				6F710CF02812965E0058AE66 /* TimerView.swift in Sources */,
				6FD49EA72816DCF000A58385 /* SoundData.swift in Sources */,
				6FE13A1E281BDCC500411A3F /* AppDelegate.swift in Sources */,
				6F710CFA281296600058AE66 /* Clock_App.xcdatamodeld in Sources */,
				6FD49E9D2816B20C00A58385 /* TimerControlModel.swift in Sources */,
				6F798908282CF0960086E789 /* CustomTimerPickerView.swift in Sources */,
				6FE13A1A281BD62800411A3F /* TimerModel.swift in Sources */,
				6F710CEE2812965E0058AE66 /* Clock_AppApp.swift in Sources */,
				6FD49E912813B49100A58385 /* TimerHeaderView.swift in Sources */,
				6F17B336287B358E00682CD5 /* AlarmPeriodEnum.swift in Sources */,
				6FAC50EF281C3C2D00FA6F2B /* ClassicSoundFooterView.swift in Sources */,
				6F5B7C7D287815B300BDC929 /* AlarmSettingView.swift in Sources */,
			);
			runOnlyForDeploymentPostprocessing = 0;
		};
/* End PBXSourcesBuildPhase section */

/* Begin XCBuildConfiguration section */
		6F710CFB281296600058AE66 /* Debug */ = {
			isa = XCBuildConfiguration;
			buildSettings = {
				ALWAYS_SEARCH_USER_PATHS = NO;
				CLANG_ANALYZER_NONNULL = YES;
				CLANG_ANALYZER_NUMBER_OBJECT_CONVERSION = YES_AGGRESSIVE;
				CLANG_CXX_LANGUAGE_STANDARD = "gnu++17";
				CLANG_ENABLE_MODULES = YES;
				CLANG_ENABLE_OBJC_ARC = YES;
				CLANG_ENABLE_OBJC_WEAK = YES;
				CLANG_WARN_BLOCK_CAPTURE_AUTORELEASING = YES;
				CLANG_WARN_BOOL_CONVERSION = YES;
				CLANG_WARN_COMMA = YES;
				CLANG_WARN_CONSTANT_CONVERSION = YES;
				CLANG_WARN_DEPRECATED_OBJC_IMPLEMENTATIONS = YES;
				CLANG_WARN_DIRECT_OBJC_ISA_USAGE = YES_ERROR;
				CLANG_WARN_DOCUMENTATION_COMMENTS = YES;
				CLANG_WARN_EMPTY_BODY = YES;
				CLANG_WARN_ENUM_CONVERSION = YES;
				CLANG_WARN_INFINITE_RECURSION = YES;
				CLANG_WARN_INT_CONVERSION = YES;
				CLANG_WARN_NON_LITERAL_NULL_CONVERSION = YES;
				CLANG_WARN_OBJC_IMPLICIT_RETAIN_SELF = YES;
				CLANG_WARN_OBJC_LITERAL_CONVERSION = YES;
				CLANG_WARN_OBJC_ROOT_CLASS = YES_ERROR;
				CLANG_WARN_QUOTED_INCLUDE_IN_FRAMEWORK_HEADER = YES;
				CLANG_WARN_RANGE_LOOP_ANALYSIS = YES;
				CLANG_WARN_STRICT_PROTOTYPES = YES;
				CLANG_WARN_SUSPICIOUS_MOVE = YES;
				CLANG_WARN_UNGUARDED_AVAILABILITY = YES_AGGRESSIVE;
				CLANG_WARN_UNREACHABLE_CODE = YES;
				CLANG_WARN__DUPLICATE_METHOD_MATCH = YES;
				COPY_PHASE_STRIP = NO;
				DEBUG_INFORMATION_FORMAT = dwarf;
				ENABLE_STRICT_OBJC_MSGSEND = YES;
				ENABLE_TESTABILITY = YES;
				GCC_C_LANGUAGE_STANDARD = gnu11;
				GCC_DYNAMIC_NO_PIC = NO;
				GCC_NO_COMMON_BLOCKS = YES;
				GCC_OPTIMIZATION_LEVEL = 0;
				GCC_PREPROCESSOR_DEFINITIONS = (
					"DEBUG=1",
					"$(inherited)",
				);
				GCC_WARN_64_TO_32_BIT_CONVERSION = YES;
				GCC_WARN_ABOUT_RETURN_TYPE = YES_ERROR;
				GCC_WARN_UNDECLARED_SELECTOR = YES;
				GCC_WARN_UNINITIALIZED_AUTOS = YES_AGGRESSIVE;
				GCC_WARN_UNUSED_FUNCTION = YES;
				GCC_WARN_UNUSED_VARIABLE = YES;
				IPHONEOS_DEPLOYMENT_TARGET = 15.4;
				MTL_ENABLE_DEBUG_INFO = INCLUDE_SOURCE;
				MTL_FAST_MATH = YES;
				ONLY_ACTIVE_ARCH = YES;
				SDKROOT = iphoneos;
				SWIFT_ACTIVE_COMPILATION_CONDITIONS = DEBUG;
				SWIFT_OPTIMIZATION_LEVEL = "-Onone";
			};
			name = Debug;
		};
		6F710CFC281296600058AE66 /* Release */ = {
			isa = XCBuildConfiguration;
			buildSettings = {
				ALWAYS_SEARCH_USER_PATHS = NO;
				CLANG_ANALYZER_NONNULL = YES;
				CLANG_ANALYZER_NUMBER_OBJECT_CONVERSION = YES_AGGRESSIVE;
				CLANG_CXX_LANGUAGE_STANDARD = "gnu++17";
				CLANG_ENABLE_MODULES = YES;
				CLANG_ENABLE_OBJC_ARC = YES;
				CLANG_ENABLE_OBJC_WEAK = YES;
				CLANG_WARN_BLOCK_CAPTURE_AUTORELEASING = YES;
				CLANG_WARN_BOOL_CONVERSION = YES;
				CLANG_WARN_COMMA = YES;
				CLANG_WARN_CONSTANT_CONVERSION = YES;
				CLANG_WARN_DEPRECATED_OBJC_IMPLEMENTATIONS = YES;
				CLANG_WARN_DIRECT_OBJC_ISA_USAGE = YES_ERROR;
				CLANG_WARN_DOCUMENTATION_COMMENTS = YES;
				CLANG_WARN_EMPTY_BODY = YES;
				CLANG_WARN_ENUM_CONVERSION = YES;
				CLANG_WARN_INFINITE_RECURSION = YES;
				CLANG_WARN_INT_CONVERSION = YES;
				CLANG_WARN_NON_LITERAL_NULL_CONVERSION = YES;
				CLANG_WARN_OBJC_IMPLICIT_RETAIN_SELF = YES;
				CLANG_WARN_OBJC_LITERAL_CONVERSION = YES;
				CLANG_WARN_OBJC_ROOT_CLASS = YES_ERROR;
				CLANG_WARN_QUOTED_INCLUDE_IN_FRAMEWORK_HEADER = YES;
				CLANG_WARN_RANGE_LOOP_ANALYSIS = YES;
				CLANG_WARN_STRICT_PROTOTYPES = YES;
				CLANG_WARN_SUSPICIOUS_MOVE = YES;
				CLANG_WARN_UNGUARDED_AVAILABILITY = YES_AGGRESSIVE;
				CLANG_WARN_UNREACHABLE_CODE = YES;
				CLANG_WARN__DUPLICATE_METHOD_MATCH = YES;
				COPY_PHASE_STRIP = NO;
				DEBUG_INFORMATION_FORMAT = "dwarf-with-dsym";
				ENABLE_NS_ASSERTIONS = NO;
				ENABLE_STRICT_OBJC_MSGSEND = YES;
				GCC_C_LANGUAGE_STANDARD = gnu11;
				GCC_NO_COMMON_BLOCKS = YES;
				GCC_WARN_64_TO_32_BIT_CONVERSION = YES;
				GCC_WARN_ABOUT_RETURN_TYPE = YES_ERROR;
				GCC_WARN_UNDECLARED_SELECTOR = YES;
				GCC_WARN_UNINITIALIZED_AUTOS = YES_AGGRESSIVE;
				GCC_WARN_UNUSED_FUNCTION = YES;
				GCC_WARN_UNUSED_VARIABLE = YES;
				IPHONEOS_DEPLOYMENT_TARGET = 15.4;
				MTL_ENABLE_DEBUG_INFO = NO;
				MTL_FAST_MATH = YES;
				SDKROOT = iphoneos;
				SWIFT_COMPILATION_MODE = wholemodule;
				SWIFT_OPTIMIZATION_LEVEL = "-O";
				VALIDATE_PRODUCT = YES;
			};
			name = Release;
		};
		6F710CFE281296600058AE66 /* Debug */ = {
			isa = XCBuildConfiguration;
			buildSettings = {
				ASSETCATALOG_COMPILER_APPICON_NAME = AppIcon;
				ASSETCATALOG_COMPILER_GLOBAL_ACCENT_COLOR_NAME = AccentColor;
				CODE_SIGN_STYLE = Automatic;
				CURRENT_PROJECT_VERSION = 1;
				DEVELOPMENT_ASSET_PATHS = "\"Clock App/Preview Content\"";
				DEVELOPMENT_TEAM = WPL7Q42L8U;
				ENABLE_PREVIEWS = YES;
				GENERATE_INFOPLIST_FILE = YES;
				INFOPLIST_KEY_UIApplicationSceneManifest_Generation = YES;
				INFOPLIST_KEY_UIApplicationSupportsIndirectInputEvents = YES;
				INFOPLIST_KEY_UILaunchScreen_Generation = YES;
				INFOPLIST_KEY_UISupportedInterfaceOrientations_iPad = "UIInterfaceOrientationPortrait UIInterfaceOrientationPortraitUpsideDown UIInterfaceOrientationLandscapeLeft UIInterfaceOrientationLandscapeRight";
				INFOPLIST_KEY_UISupportedInterfaceOrientations_iPhone = "UIInterfaceOrientationPortrait UIInterfaceOrientationLandscapeLeft UIInterfaceOrientationLandscapeRight";
				INFOPLIST_KEY_UIUserInterfaceStyle = Dark;
				LD_RUNPATH_SEARCH_PATHS = (
					"$(inherited)",
					"@executable_path/Frameworks",
				);
				MARKETING_VERSION = 1.0;
				PRODUCT_BUNDLE_IDENTIFIER = "com.skh.Clock-App";
				PRODUCT_NAME = "$(TARGET_NAME)";
				SWIFT_EMIT_LOC_STRINGS = YES;
				SWIFT_VERSION = 5.0;
				TARGETED_DEVICE_FAMILY = "1,2";
			};
			name = Debug;
		};
		6F710CFF281296600058AE66 /* Release */ = {
			isa = XCBuildConfiguration;
			buildSettings = {
				ASSETCATALOG_COMPILER_APPICON_NAME = AppIcon;
				ASSETCATALOG_COMPILER_GLOBAL_ACCENT_COLOR_NAME = AccentColor;
				CODE_SIGN_STYLE = Automatic;
				CURRENT_PROJECT_VERSION = 1;
				DEVELOPMENT_ASSET_PATHS = "\"Clock App/Preview Content\"";
				DEVELOPMENT_TEAM = WPL7Q42L8U;
				ENABLE_PREVIEWS = YES;
				GENERATE_INFOPLIST_FILE = YES;
				INFOPLIST_KEY_UIApplicationSceneManifest_Generation = YES;
				INFOPLIST_KEY_UIApplicationSupportsIndirectInputEvents = YES;
				INFOPLIST_KEY_UILaunchScreen_Generation = YES;
				INFOPLIST_KEY_UISupportedInterfaceOrientations_iPad = "UIInterfaceOrientationPortrait UIInterfaceOrientationPortraitUpsideDown UIInterfaceOrientationLandscapeLeft UIInterfaceOrientationLandscapeRight";
				INFOPLIST_KEY_UISupportedInterfaceOrientations_iPhone = "UIInterfaceOrientationPortrait UIInterfaceOrientationLandscapeLeft UIInterfaceOrientationLandscapeRight";
				INFOPLIST_KEY_UIUserInterfaceStyle = Dark;
				LD_RUNPATH_SEARCH_PATHS = (
					"$(inherited)",
					"@executable_path/Frameworks",
				);
				MARKETING_VERSION = 1.0;
				PRODUCT_BUNDLE_IDENTIFIER = "com.skh.Clock-App";
				PRODUCT_NAME = "$(TARGET_NAME)";
				SWIFT_EMIT_LOC_STRINGS = YES;
				SWIFT_VERSION = 5.0;
				TARGETED_DEVICE_FAMILY = "1,2";
			};
			name = Release;
		};
/* End XCBuildConfiguration section */

/* Begin XCConfigurationList section */
		6F710CE52812965E0058AE66 /* Build configuration list for PBXProject "Clock App" */ = {
			isa = XCConfigurationList;
			buildConfigurations = (
				6F710CFB281296600058AE66 /* Debug */,
				6F710CFC281296600058AE66 /* Release */,
			);
			defaultConfigurationIsVisible = 0;
			defaultConfigurationName = Release;
		};
		6F710CFD281296600058AE66 /* Build configuration list for PBXNativeTarget "Clock App" */ = {
			isa = XCConfigurationList;
			buildConfigurations = (
				6F710CFE281296600058AE66 /* Debug */,
				6F710CFF281296600058AE66 /* Release */,
			);
			defaultConfigurationIsVisible = 0;
			defaultConfigurationName = Release;
		};
/* End XCConfigurationList section */

/* Begin XCVersionGroup section */
		6F710CF8281296600058AE66 /* Clock_App.xcdatamodeld */ = {
			isa = XCVersionGroup;
			children = (
				6F710CF9281296600058AE66 /* Clock_App.xcdatamodel */,
			);
			currentVersion = 6F710CF9281296600058AE66 /* Clock_App.xcdatamodel */;
			path = Clock_App.xcdatamodeld;
			sourceTree = "<group>";
			versionGroupType = wrapper.xcdatamodel;
		};
/* End XCVersionGroup section */
	};
	rootObject = 6F710CE22812965E0058AE66 /* Project object */;
}
